PODS:
  - Realm (2.0.2):
    - Realm/Headers (= 2.0.2)
  - Realm/Headers (2.0.2)
  - RealmSwift (2.0.2):
    - Realm (= 2.0.2)
  - SlideMenuControllerSwift (3.0.1)

DEPENDENCIES:
  - RealmSwift
  - SlideMenuControllerSwift

SPEC CHECKSUMS:
  Realm: 0f5a194af0b7e6158b83db41b4ee1a00be7ddf1a
  RealmSwift: 0eb5070d851cba7c66e841ca756d83609dc78bc8
  SlideMenuControllerSwift: 9a163b16d54afab734add42858cba7ef7c307755

PODFILE CHECKSUM: b7a2c6a686c180906eb010642ee59e90e89afb4e

COCOAPODS: 1.1.1
