// !$*UTF8*$!
{
	archiveVersion = 1;
	classes = {
	};
	objectVersion = 46;
	objects = {

/* Begin PBXBuildFile section */
		6AA6030D1E6837E80098FAC1 /* Resources.bundle in Resources */ = {isa = PBXBuildFile; fileRef = 6AA6030C1E6837E80098FAC1 /* Resources.bundle */; };
		6AA6036D1E863CDA0098FAC1 /* 3k-scope-custom.png in Resources */ = {isa = PBXBuildFile; fileRef = 6AA603121E863CDA0098FAC1 /* 3k-scope-custom.png */; };
		6AA6036E1E863CDA0098FAC1 /* 52-gallon-deco.png in Resources */ = {isa = PBXBuildFile; fileRef = 6AA603131E863CDA0098FAC1 /* 52-gallon-deco.png */; };
		6AA6036F1E863CDA0098FAC1 /* 52-gallon.png in Resources */ = {isa = PBXBuildFile; fileRef = 6AA603141E863CDA0098FAC1 /* 52-gallon.png */; };
		6AA603701E863CDA0098FAC1 /* 96-gallon-deco.png in Resources */ = {isa = PBXBuildFile; fileRef = 6AA603151E863CDA0098FAC1 /* 96-gallon-deco.png */; };
		6AA603711E863CDA0098FAC1 /* 96-gallon.png in Resources */ = {isa = PBXBuildFile; fileRef = 6AA603161E863CDA0098FAC1 /* 96-gallon.png */; };
		6AA603721E863CDA0098FAC1 /* bamboozler-14-mk-1.png in Resources */ = {isa = PBXBuildFile; fileRef = 6AA603171E863CDA0098FAC1 /* bamboozler-14-mk-1.png */; };
		6AA603731E863CDA0098FAC1 /* bamboozler-14-mk-2.png in Resources */ = {isa = PBXBuildFile; fileRef = 6AA603181E863CDA0098FAC1 /* bamboozler-14-mk-2.png */; };
		6AA603741E863CDA0098FAC1 /* bamboozler-14-mk-3.png in Resources */ = {isa = PBXBuildFile; fileRef = 6AA603191E863CDA0098FAC1 /* bamboozler-14-mk-3.png */; };
		6AA603751E863CDA0098FAC1 /* barrel-spinner-deco.png in Resources */ = {isa = PBXBuildFile; fileRef = 6AA6031A1E863CDA0098FAC1 /* barrel-spinner-deco.png */; };
		6AA603761E863CDA0098FAC1 /* barrel-spinner-remix.png in Resources */ = {isa = PBXBuildFile; fileRef = 6AA6031B1E863CDA0098FAC1 /* barrel-spinner-remix.png */; };
		6AA603771E863CDA0098FAC1 /* barrel-spinner.png in Resources */ = {isa = PBXBuildFile; fileRef = 6AA6031C1E863CDA0098FAC1 /* barrel-spinner.png */; };
		6AA603781E863CDA0098FAC1 /* bold-marker-7.png in Resources */ = {isa = PBXBuildFile; fileRef = 6AA6031D1E863CDA0098FAC1 /* bold-marker-7.png */; };
		6AA603791E863CDA0098FAC1 /* bold-marker-neo.png in Resources */ = {isa = PBXBuildFile; fileRef = 6AA6031E1E863CDA0098FAC1 /* bold-marker-neo.png */; };
		6AA6037A1E863CDA0098FAC1 /* bold-marker.png in Resources */ = {isa = PBXBuildFile; fileRef = 6AA6031F1E863CDA0098FAC1 /* bold-marker.png */; };
		6AA6037B1E863CDA0098FAC1 /* bucket-slosher-deco.png in Resources */ = {isa = PBXBuildFile; fileRef = 6AA603201E863CDA0098FAC1 /* bucket-slosher-deco.png */; };
		6AA6037C1E863CDA0098FAC1 /* bucket-slosher-soda.png in Resources */ = {isa = PBXBuildFile; fileRef = 6AA603211E863CDA0098FAC1 /* bucket-slosher-soda.png */; };
		6AA6037D1E863CDA0098FAC1 /* bucket-slosher.png in Resources */ = {isa = PBXBuildFile; fileRef = 6AA603221E863CDA0098FAC1 /* bucket-slosher.png */; };
		6AA6037E1E863CDA0098FAC1 /* carbon-roller-deco.png in Resources */ = {isa = PBXBuildFile; fileRef = 6AA603231E863CDA0098FAC1 /* carbon-roller-deco.png */; };
		6AA6037F1E863CDA0098FAC1 /* carbon-roller.png in Resources */ = {isa = PBXBuildFile; fileRef = 6AA603241E863CDA0098FAC1 /* carbon-roller.png */; };
		6AA603801E863CDA0098FAC1 /* dual-sweeper-custom.png in Resources */ = {isa = PBXBuildFile; fileRef = 6AA603251E863CDA0098FAC1 /* dual-sweeper-custom.png */; };
		6AA603811E863CDA0098FAC1 /* dual-sweeper.png in Resources */ = {isa = PBXBuildFile; fileRef = 6AA603261E863CDA0098FAC1 /* dual-sweeper.png */; };
		6AA603821E863CDA0098FAC1 /* dynamo-roller-burned.png in Resources */ = {isa = PBXBuildFile; fileRef = 6AA603271E863CDA0098FAC1 /* dynamo-roller-burned.png */; };
		6AA603831E863CDA0098FAC1 /* dynamo-roller-tesla.png in Resources */ = {isa = PBXBuildFile; fileRef = 6AA603281E863CDA0098FAC1 /* dynamo-roller-tesla.png */; };
		6AA603841E863CDA0098FAC1 /* dynamo-roller.png in Resources */ = {isa = PBXBuildFile; fileRef = 6AA603291E863CDA0098FAC1 /* dynamo-roller.png */; };
		6AA603851E863CDA0098FAC1 /* h3-reelgun-cherry.png in Resources */ = {isa = PBXBuildFile; fileRef = 6AA6032A1E863CDA0098FAC1 /* h3-reelgun-cherry.png */; };
		6AA603861E863CDA0098FAC1 /* h3-reelgun-d.png in Resources */ = {isa = PBXBuildFile; fileRef = 6AA6032B1E863CDA0098FAC1 /* h3-reelgun-d.png */; };
		6AA603871E863CDA0098FAC1 /* h3-reelgun.png in Resources */ = {isa = PBXBuildFile; fileRef = 6AA6032C1E863CDA0098FAC1 /* h3-reelgun.png */; };
		6AA603881E863CDA0098FAC1 /* hero-charger.png in Resources */ = {isa = PBXBuildFile; fileRef = 6AA6032D1E863CDA0098FAC1 /* hero-charger.png */; };
		6AA603891E863CDA0098FAC1 /* hero-roller.png in Resources */ = {isa = PBXBuildFile; fileRef = 6AA6032E1E863CDA0098FAC1 /* hero-roller.png */; };
		6AA6038A1E863CDA0098FAC1 /* hero-shooter.png in Resources */ = {isa = PBXBuildFile; fileRef = 6AA6032F1E863CDA0098FAC1 /* hero-shooter.png */; };
		6AA6038B1E863CDA0098FAC1 /* hissen-hue.png in Resources */ = {isa = PBXBuildFile; fileRef = 6AA603301E863CDA0098FAC1 /* hissen-hue.png */; };
		6AA6038C1E863CDA0098FAC1 /* hissen.png in Resources */ = {isa = PBXBuildFile; fileRef = 6AA603311E863CDA0098FAC1 /* hissen.png */; };
		6AA6038D1E863CDA0098FAC1 /* hokusai-hue.png in Resources */ = {isa = PBXBuildFile; fileRef = 6AA603321E863CDA0098FAC1 /* hokusai-hue.png */; };
		6AA6038E1E863CDA0098FAC1 /* hokusai.png in Resources */ = {isa = PBXBuildFile; fileRef = 6AA603331E863CDA0098FAC1 /* hokusai.png */; };
		6AA6038F1E863CDA0098FAC1 /* hot-blaster-custom.png in Resources */ = {isa = PBXBuildFile; fileRef = 6AA603341E863CDA0098FAC1 /* hot-blaster-custom.png */; };
		6AA603901E863CDA0098FAC1 /* hot-blaster.png in Resources */ = {isa = PBXBuildFile; fileRef = 6AA603351E863CDA0098FAC1 /* hot-blaster.png */; };
		6AA603911E863CDA0098FAC1 /* hydrant-custom.png in Resources */ = {isa = PBXBuildFile; fileRef = 6AA603361E863CDA0098FAC1 /* hydrant-custom.png */; };
		6AA603921E863CDA0098FAC1 /* hydrant.png in Resources */ = {isa = PBXBuildFile; fileRef = 6AA603371E863CDA0098FAC1 /* hydrant.png */; };
		6AA603931E863CDA0098FAC1 /* jet-sweeper-custom.png in Resources */ = {isa = PBXBuildFile; fileRef = 6AA603381E863CDA0098FAC1 /* jet-sweeper-custom.png */; };
		6AA603941E863CDA0098FAC1 /* jet-sweeper.png in Resources */ = {isa = PBXBuildFile; fileRef = 6AA603391E863CDA0098FAC1 /* jet-sweeper.png */; };
		6AA603951E863CDA0098FAC1 /* l3-reelgun-d.png in Resources */ = {isa = PBXBuildFile; fileRef = 6AA6033A1E863CDA0098FAC1 /* l3-reelgun-d.png */; };
		6AA603961E863CDA0098FAC1 /* l3-reelgun.png in Resources */ = {isa = PBXBuildFile; fileRef = 6AA6033B1E863CDA0098FAC1 /* l3-reelgun.png */; };
		6AA603971E863CDA0098FAC1 /* liter-3k-custom.png in Resources */ = {isa = PBXBuildFile; fileRef = 6AA6033C1E863CDA0098FAC1 /* liter-3k-custom.png */; };
		6AA603981E863CDA0098FAC1 /* liter-3k-scope.png in Resources */ = {isa = PBXBuildFile; fileRef = 6AA6033D1E863CDA0098FAC1 /* liter-3k-scope.png */; };
		6AA603991E863CDA0098FAC1 /* liter-3k.png in Resources */ = {isa = PBXBuildFile; fileRef = 6AA6033E1E863CDA0098FAC1 /* liter-3k.png */; };
		6AA6039A1E863CDA0098FAC1 /* long-blaster-custom.png in Resources */ = {isa = PBXBuildFile; fileRef = 6AA6033F1E863CDA0098FAC1 /* long-blaster-custom.png */; };
		6AA6039B1E863CDA0098FAC1 /* long-blaster-necro.png in Resources */ = {isa = PBXBuildFile; fileRef = 6AA603401E863CDA0098FAC1 /* long-blaster-necro.png */; };
		6AA6039C1E863CDA0098FAC1 /* long-blaster.png in Resources */ = {isa = PBXBuildFile; fileRef = 6AA603411E863CDA0098FAC1 /* long-blaster.png */; };
		6AA6039D1E863CDA0098FAC1 /* momiji-shooter.png in Resources */ = {isa = PBXBuildFile; fileRef = 6AA603421E863CDA0098FAC1 /* momiji-shooter.png */; };
		6AA6039E1E863CDA0098FAC1 /* n-zap-83.png in Resources */ = {isa = PBXBuildFile; fileRef = 6AA603431E863CDA0098FAC1 /* n-zap-83.png */; };
		6AA6039F1E863CDA0098FAC1 /* n-zap-85.png in Resources */ = {isa = PBXBuildFile; fileRef = 6AA603441E863CDA0098FAC1 /* n-zap-85.png */; };
		6AA603A01E863CDA0098FAC1 /* n-zap-89.png in Resources */ = {isa = PBXBuildFile; fileRef = 6AA603451E863CDA0098FAC1 /* n-zap-89.png */; };
		6AA603A11E863CDA0098FAC1 /* nova-blaster-neo.png in Resources */ = {isa = PBXBuildFile; fileRef = 6AA603461E863CDA0098FAC1 /* nova-blaster-neo.png */; };
		6AA603A21E863CDA0098FAC1 /* nova-blaster.png in Resources */ = {isa = PBXBuildFile; fileRef = 6AA603471E863CDA0098FAC1 /* nova-blaster.png */; };
		6AA603A31E863CDA0098FAC1 /* octa-shooter.png in Resources */ = {isa = PBXBuildFile; fileRef = 6AA603481E863CDA0098FAC1 /* octa-shooter.png */; };
		6AA603A41E863CDA0098FAC1 /* pablo-hue.png in Resources */ = {isa = PBXBuildFile; fileRef = 6AA603491E863CDA0098FAC1 /* pablo-hue.png */; };
		6AA603A51E863CDA0098FAC1 /* pablo.png in Resources */ = {isa = PBXBuildFile; fileRef = 6AA6034A1E863CDA0098FAC1 /* pablo.png */; };
		6AA603A61E863CDA0098FAC1 /* permanent-pablo.png in Resources */ = {isa = PBXBuildFile; fileRef = 6AA6034B1E863CDA0098FAC1 /* permanent-pablo.png */; };
		6AA603A71E863CDA0098FAC1 /* prime-shooter-berry.png in Resources */ = {isa = PBXBuildFile; fileRef = 6AA6034C1E863CDA0098FAC1 /* prime-shooter-berry.png */; };
		6AA603A81E863CDA0098FAC1 /* prime-shooter-collab.png in Resources */ = {isa = PBXBuildFile; fileRef = 6AA6034D1E863CDA0098FAC1 /* prime-shooter-collab.png */; };
		6AA603A91E863CDA0098FAC1 /* prime-shooter.png in Resources */ = {isa = PBXBuildFile; fileRef = 6AA6034E1E863CDA0098FAC1 /* prime-shooter.png */; };
		6AA603AA1E863CDA0098FAC1 /* pro-modeler-mg.png in Resources */ = {isa = PBXBuildFile; fileRef = 6AA6034F1E863CDA0098FAC1 /* pro-modeler-mg.png */; };
		6AA603AB1E863CDA0098FAC1 /* pro-modeler-pg.png in Resources */ = {isa = PBXBuildFile; fileRef = 6AA603501E863CDA0098FAC1 /* pro-modeler-pg.png */; };
		6AA603AC1E863CDA0098FAC1 /* pro-modeler-rg.png in Resources */ = {isa = PBXBuildFile; fileRef = 6AA603511E863CDA0098FAC1 /* pro-modeler-rg.png */; };
		6AA603AD1E863CDA0098FAC1 /* r-blaster-elite.png in Resources */ = {isa = PBXBuildFile; fileRef = 6AA603521E863CDA0098FAC1 /* r-blaster-elite.png */; };
		6AA603AE1E863CDA0098FAC1 /* r-blaster-eliter-deco.png in Resources */ = {isa = PBXBuildFile; fileRef = 6AA603531E863CDA0098FAC1 /* r-blaster-eliter-deco.png */; };
		6AA603AF1E863CDA0098FAC1 /* rapid-blaster-deco.png in Resources */ = {isa = PBXBuildFile; fileRef = 6AA603541E863CDA0098FAC1 /* rapid-blaster-deco.png */; };
		6AA603B01E863CDA0098FAC1 /* rapid-blaster.png in Resources */ = {isa = PBXBuildFile; fileRef = 6AA603551E863CDA0098FAC1 /* rapid-blaster.png */; };
		6AA603B11E863CDA0098FAC1 /* screw-slosher-neo.png in Resources */ = {isa = PBXBuildFile; fileRef = 6AA603561E863CDA0098FAC1 /* screw-slosher-neo.png */; };
		6AA603B21E863CDA0098FAC1 /* screw-slosher.png in Resources */ = {isa = PBXBuildFile; fileRef = 6AA603571E863CDA0098FAC1 /* screw-slosher.png */; };
		6AA603B31E863CDA0098FAC1 /* sharp-marker-neo.png in Resources */ = {isa = PBXBuildFile; fileRef = 6AA603581E863CDA0098FAC1 /* sharp-marker-neo.png */; };
		6AA603B41E863CDA0098FAC1 /* sharp-marker.png in Resources */ = {isa = PBXBuildFile; fileRef = 6AA603591E863CDA0098FAC1 /* sharp-marker.png */; };
		6AA603B51E863CDA0098FAC1 /* splat-charger-bento.png in Resources */ = {isa = PBXBuildFile; fileRef = 6AA6035A1E863CDA0098FAC1 /* splat-charger-bento.png */; };
		6AA603B61E863CDA0098FAC1 /* splat-charger-scope.png in Resources */ = {isa = PBXBuildFile; fileRef = 6AA6035B1E863CDA0098FAC1 /* splat-charger-scope.png */; };
		6AA603B71E863CDA0098FAC1 /* splat-charger-wakame.png in Resources */ = {isa = PBXBuildFile; fileRef = 6AA6035C1E863CDA0098FAC1 /* splat-charger-wakame.png */; };
		6AA603B81E863CDA0098FAC1 /* splat-charger.png in Resources */ = {isa = PBXBuildFile; fileRef = 6AA6035D1E863CDA0098FAC1 /* splat-charger.png */; };
		6AA603B91E863CDA0098FAC1 /* splat-roller-collab.png in Resources */ = {isa = PBXBuildFile; fileRef = 6AA6035E1E863CDA0098FAC1 /* splat-roller-collab.png */; };
		6AA603BA1E863CDA0098FAC1 /* splat-roller-corocoro.png in Resources */ = {isa = PBXBuildFile; fileRef = 6AA6035F1E863CDA0098FAC1 /* splat-roller-corocoro.png */; };
		6AA603BB1E863CDA0098FAC1 /* splat-roller.png in Resources */ = {isa = PBXBuildFile; fileRef = 6AA603601E863CDA0098FAC1 /* splat-roller.png */; };
		6AA603BC1E863CDA0098FAC1 /* splat-scope-bento.png in Resources */ = {isa = PBXBuildFile; fileRef = 6AA603611E863CDA0098FAC1 /* splat-scope-bento.png */; };
		6AA603BD1E863CDA0098FAC1 /* splat-shooter-collab.png in Resources */ = {isa = PBXBuildFile; fileRef = 6AA603621E863CDA0098FAC1 /* splat-shooter-collab.png */; };
		6AA603BE1E863CDA0098FAC1 /* splat-shooter.png in Resources */ = {isa = PBXBuildFile; fileRef = 6AA603631E863CDA0098FAC1 /* splat-shooter.png */; };
		6AA603BF1E863CDA0098FAC1 /* splat-wakame-scope.png in Resources */ = {isa = PBXBuildFile; fileRef = 6AA603641E863CDA0098FAC1 /* splat-wakame-scope.png */; };
		6AA603C01E863CDA0098FAC1 /* sprat-shooter-wasabi.png in Resources */ = {isa = PBXBuildFile; fileRef = 6AA603651E863CDA0098FAC1 /* sprat-shooter-wasabi.png */; };
		6AA603C11E863CDA0098FAC1 /* sprat-spinner-collab.png in Resources */ = {isa = PBXBuildFile; fileRef = 6AA603661E863CDA0098FAC1 /* sprat-spinner-collab.png */; };
		6AA603C21E863CDA0098FAC1 /* sprat-spinner-repair.png in Resources */ = {isa = PBXBuildFile; fileRef = 6AA603671E863CDA0098FAC1 /* sprat-spinner-repair.png */; };
		6AA603C31E863CDA0098FAC1 /* sprat-spinner.png in Resources */ = {isa = PBXBuildFile; fileRef = 6AA603681E863CDA0098FAC1 /* sprat-spinner.png */; };
		6AA603C41E863CDA0098FAC1 /* squicklin-alpha.png in Resources */ = {isa = PBXBuildFile; fileRef = 6AA603691E863CDA0098FAC1 /* squicklin-alpha.png */; };
		6AA603C51E863CDA0098FAC1 /* squicklin-beta.png in Resources */ = {isa = PBXBuildFile; fileRef = 6AA6036A1E863CDA0098FAC1 /* squicklin-beta.png */; };
		6AA603C61E863CDA0098FAC1 /* squicklin-gamma.png in Resources */ = {isa = PBXBuildFile; fileRef = 6AA6036B1E863CDA0098FAC1 /* squicklin-gamma.png */; };
		6AA603C71E863CDA0098FAC1 /* wakaba-shooter.png in Resources */ = {isa = PBXBuildFile; fileRef = 6AA6036C1E863CDA0098FAC1 /* wakaba-shooter.png */; };
		6AA603C91E879CCA0098FAC1 /* Sort.png in Resources */ = {isa = PBXBuildFile; fileRef = 6AA603C81E879CCA0098FAC1 /* Sort.png */; };
		6AA603CB1E879DC90098FAC1 /* Config.png in Resources */ = {isa = PBXBuildFile; fileRef = 6AA603CA1E879DC90098FAC1 /* Config.png */; };
		6AA603CD1E879DE80098FAC1 /* Home.png in Resources */ = {isa = PBXBuildFile; fileRef = 6AA603CC1E879DE80098FAC1 /* Home.png */; };
		6AA603CF1E89EA350098FAC1 /* Capture.png in Resources */ = {isa = PBXBuildFile; fileRef = 6AA603CE1E89EA350098FAC1 /* Capture.png */; };
		8075CC350F6F097E44A26A31 /* Pods_WeaponsPerStageTests.framework in Frameworks */ = {isa = PBXBuildFile; fileRef = 761AFB948E228A3FD8E04F61 /* Pods_WeaponsPerStageTests.framework */; };
		9D1A033E1E6969C000EAFAFB /* ConstText.swift in Sources */ = {isa = PBXBuildFile; fileRef = 9D1A033D1E6969C000EAFAFB /* ConstText.swift */; };
		9D1A03411E696EBA00EAFAFB /* ConstColor.swift in Sources */ = {isa = PBXBuildFile; fileRef = 9D1A03401E696EBA00EAFAFB /* ConstColor.swift */; };
		9D1A03431E69709A00EAFAFB /* NavigationController.swift in Sources */ = {isa = PBXBuildFile; fileRef = 9D1A03421E69709A00EAFAFB /* NavigationController.swift */; };
		9D2E6A1C1E8CF03C005F4D7E /* DeviceSizeManager.swift in Sources */ = {isa = PBXBuildFile; fileRef = 9D2E6A1B1E8CF03C005F4D7E /* DeviceSizeManager.swift */; };
		9D374BAD1E810A2A00571005 /* TabBarController.swift in Sources */ = {isa = PBXBuildFile; fileRef = 9D374BAC1E810A2A00571005 /* TabBarController.swift */; };
		9D374BB41E811C0600571005 /* SortViewController.swift in Sources */ = {isa = PBXBuildFile; fileRef = 9D374BB31E811C0600571005 /* SortViewController.swift */; };
		9D3A43631E680E52001CE036 /* AppDelegate.swift in Sources */ = {isa = PBXBuildFile; fileRef = 9D3A43621E680E52001CE036 /* AppDelegate.swift */; };
		9D3A43681E680E52001CE036 /* Main.storyboard in Resources */ = {isa = PBXBuildFile; fileRef = 9D3A43661E680E52001CE036 /* Main.storyboard */; };
		9D3A436A1E680E52001CE036 /* Assets.xcassets in Resources */ = {isa = PBXBuildFile; fileRef = 9D3A43691E680E52001CE036 /* Assets.xcassets */; };
		9D3A436D1E680E53001CE036 /* LaunchScreen.storyboard in Resources */ = {isa = PBXBuildFile; fileRef = 9D3A436B1E680E53001CE036 /* LaunchScreen.storyboard */; };
		9D3A43781E680E53001CE036 /* WeaponsPerStageTests.swift in Sources */ = {isa = PBXBuildFile; fileRef = 9D3A43771E680E53001CE036 /* WeaponsPerStageTests.swift */; };
		9D74A7501E692E2C00AC66A6 /* WaponsPerStageTableViewCell.swift in Sources */ = {isa = PBXBuildFile; fileRef = 9D74A74C1E692E2C00AC66A6 /* WaponsPerStageTableViewCell.swift */; };
		9D74A7511E692E2C00AC66A6 /* WaponsPerStageTableViewCell.xib in Resources */ = {isa = PBXBuildFile; fileRef = 9D74A74D1E692E2C00AC66A6 /* WaponsPerStageTableViewCell.xib */; };
		9D74A7521E692E2C00AC66A6 /* WeaponsTableViewCell.swift in Sources */ = {isa = PBXBuildFile; fileRef = 9D74A74E1E692E2C00AC66A6 /* WeaponsTableViewCell.swift */; };
		9D74A7531E692E2C00AC66A6 /* WeaponsTableViewCell.xib in Resources */ = {isa = PBXBuildFile; fileRef = 9D74A74F1E692E2C00AC66A6 /* WeaponsTableViewCell.xib */; };
		9D74A7561E692E3A00AC66A6 /* IndexManager.swift in Sources */ = {isa = PBXBuildFile; fileRef = 9D74A7541E692E3A00AC66A6 /* IndexManager.swift */; };
		9D74A7571E692E3A00AC66A6 /* JsonManager.swift in Sources */ = {isa = PBXBuildFile; fileRef = 9D74A7551E692E3A00AC66A6 /* JsonManager.swift */; };
		9D74A75A1E692E5200AC66A6 /* DataSource.swift in Sources */ = {isa = PBXBuildFile; fileRef = 9D74A7591E692E5200AC66A6 /* DataSource.swift */; };
		9D74A75D1E692E5E00AC66A6 /* HomeViewController.swift in Sources */ = {isa = PBXBuildFile; fileRef = 9D74A75B1E692E5E00AC66A6 /* HomeViewController.swift */; };
		9D74A75E1E692E5E00AC66A6 /* WeaponsSelectionViewController.swift in Sources */ = {isa = PBXBuildFile; fileRef = 9D74A75C1E692E5E00AC66A6 /* WeaponsSelectionViewController.swift */; };
		9D74A7611E6943D400AC66A6 /* WeaponsPerStageEntity.swift in Sources */ = {isa = PBXBuildFile; fileRef = 9D74A7601E6943D400AC66A6 /* WeaponsPerStageEntity.swift */; };
		9D74A7631E6945B300AC66A6 /* WeaponsPerStageStoreManager.swift in Sources */ = {isa = PBXBuildFile; fileRef = 9D74A7621E6945B300AC66A6 /* WeaponsPerStageStoreManager.swift */; };
		9D74A7651E69552500AC66A6 /* ConfigViewController.swift in Sources */ = {isa = PBXBuildFile; fileRef = 9D74A7641E69552500AC66A6 /* ConfigViewController.swift */; };
		9DF691FE1E85008400E5A063 /* ContainViewController.swift in Sources */ = {isa = PBXBuildFile; fileRef = 9DF691FD1E85008400E5A063 /* ContainViewController.swift */; };
		9DF692021E88F31100E5A063 /* UITableView+Capture.swift in Sources */ = {isa = PBXBuildFile; fileRef = 9DF692011E88F31100E5A063 /* UITableView+Capture.swift */; };
		9DF692041E88F38A00E5A063 /* UIView+Capture.swift in Sources */ = {isa = PBXBuildFile; fileRef = 9DF692031E88F38A00E5A063 /* UIView+Capture.swift */; };
		9DF7B4461E89137C00C6DE57 /* UIImage+Cropping.swift in Sources */ = {isa = PBXBuildFile; fileRef = 9DF7B4451E89137C00C6DE57 /* UIImage+Cropping.swift */; };
		A2AE6346D067B046F0C386A1 /* Pods_WeaponsPerStage.framework in Frameworks */ = {isa = PBXBuildFile; fileRef = F90DC3D630E966152D55EAEC /* Pods_WeaponsPerStage.framework */; };
/* End PBXBuildFile section */

/* Begin PBXContainerItemProxy section */
		9D3A43741E680E53001CE036 /* PBXContainerItemProxy */ = {
			isa = PBXContainerItemProxy;
			containerPortal = 9D3A43571E680E52001CE036 /* Project object */;
			proxyType = 1;
			remoteGlobalIDString = 9D3A435E1E680E52001CE036;
			remoteInfo = WeaponsPerStage;
		};
/* End PBXContainerItemProxy section */

/* Begin PBXFileReference section */
		28AB7E11C77E8FE21BD084AA /* Pods-WeaponsPerStage.debug.xcconfig */ = {isa = PBXFileReference; includeInIndex = 1; lastKnownFileType = text.xcconfig; name = "Pods-WeaponsPerStage.debug.xcconfig"; path = "Pods/Target Support Files/Pods-WeaponsPerStage/Pods-WeaponsPerStage.debug.xcconfig"; sourceTree = "<group>"; };
		385A6CF511379D6343538F06 /* Pods-WeaponsPerStageTests.debug.xcconfig */ = {isa = PBXFileReference; includeInIndex = 1; lastKnownFileType = text.xcconfig; name = "Pods-WeaponsPerStageTests.debug.xcconfig"; path = "Pods/Target Support Files/Pods-WeaponsPerStageTests/Pods-WeaponsPerStageTests.debug.xcconfig"; sourceTree = "<group>"; };
		6AA6030C1E6837E80098FAC1 /* Resources.bundle */ = {isa = PBXFileReference; lastKnownFileType = "wrapper.plug-in"; path = Resources.bundle; sourceTree = SOURCE_ROOT; };
		6AA603121E863CDA0098FAC1 /* 3k-scope-custom.png */ = {isa = PBXFileReference; lastKnownFileType = image.png; name = "3k-scope-custom.png"; path = "Resources/3k-scope-custom.png"; sourceTree = "<group>"; };
		6AA603131E863CDA0098FAC1 /* 52-gallon-deco.png */ = {isa = PBXFileReference; lastKnownFileType = image.png; name = "52-gallon-deco.png"; path = "Resources/52-gallon-deco.png"; sourceTree = "<group>"; };
		6AA603141E863CDA0098FAC1 /* 52-gallon.png */ = {isa = PBXFileReference; lastKnownFileType = image.png; name = "52-gallon.png"; path = "Resources/52-gallon.png"; sourceTree = "<group>"; };
		6AA603151E863CDA0098FAC1 /* 96-gallon-deco.png */ = {isa = PBXFileReference; lastKnownFileType = image.png; name = "96-gallon-deco.png"; path = "Resources/96-gallon-deco.png"; sourceTree = "<group>"; };
		6AA603161E863CDA0098FAC1 /* 96-gallon.png */ = {isa = PBXFileReference; lastKnownFileType = image.png; name = "96-gallon.png"; path = "Resources/96-gallon.png"; sourceTree = "<group>"; };
		6AA603171E863CDA0098FAC1 /* bamboozler-14-mk-1.png */ = {isa = PBXFileReference; lastKnownFileType = image.png; name = "bamboozler-14-mk-1.png"; path = "Resources/bamboozler-14-mk-1.png"; sourceTree = "<group>"; };
		6AA603181E863CDA0098FAC1 /* bamboozler-14-mk-2.png */ = {isa = PBXFileReference; lastKnownFileType = image.png; name = "bamboozler-14-mk-2.png"; path = "Resources/bamboozler-14-mk-2.png"; sourceTree = "<group>"; };
		6AA603191E863CDA0098FAC1 /* bamboozler-14-mk-3.png */ = {isa = PBXFileReference; lastKnownFileType = image.png; name = "bamboozler-14-mk-3.png"; path = "Resources/bamboozler-14-mk-3.png"; sourceTree = "<group>"; };
		6AA6031A1E863CDA0098FAC1 /* barrel-spinner-deco.png */ = {isa = PBXFileReference; lastKnownFileType = image.png; name = "barrel-spinner-deco.png"; path = "Resources/barrel-spinner-deco.png"; sourceTree = "<group>"; };
		6AA6031B1E863CDA0098FAC1 /* barrel-spinner-remix.png */ = {isa = PBXFileReference; lastKnownFileType = image.png; name = "barrel-spinner-remix.png"; path = "Resources/barrel-spinner-remix.png"; sourceTree = "<group>"; };
		6AA6031C1E863CDA0098FAC1 /* barrel-spinner.png */ = {isa = PBXFileReference; lastKnownFileType = image.png; name = "barrel-spinner.png"; path = "Resources/barrel-spinner.png"; sourceTree = "<group>"; };
		6AA6031D1E863CDA0098FAC1 /* bold-marker-7.png */ = {isa = PBXFileReference; lastKnownFileType = image.png; name = "bold-marker-7.png"; path = "Resources/bold-marker-7.png"; sourceTree = "<group>"; };
		6AA6031E1E863CDA0098FAC1 /* bold-marker-neo.png */ = {isa = PBXFileReference; lastKnownFileType = image.png; name = "bold-marker-neo.png"; path = "Resources/bold-marker-neo.png"; sourceTree = "<group>"; };
		6AA6031F1E863CDA0098FAC1 /* bold-marker.png */ = {isa = PBXFileReference; lastKnownFileType = image.png; name = "bold-marker.png"; path = "Resources/bold-marker.png"; sourceTree = "<group>"; };
		6AA603201E863CDA0098FAC1 /* bucket-slosher-deco.png */ = {isa = PBXFileReference; lastKnownFileType = image.png; name = "bucket-slosher-deco.png"; path = "Resources/bucket-slosher-deco.png"; sourceTree = "<group>"; };
		6AA603211E863CDA0098FAC1 /* bucket-slosher-soda.png */ = {isa = PBXFileReference; lastKnownFileType = image.png; name = "bucket-slosher-soda.png"; path = "Resources/bucket-slosher-soda.png"; sourceTree = "<group>"; };
		6AA603221E863CDA0098FAC1 /* bucket-slosher.png */ = {isa = PBXFileReference; lastKnownFileType = image.png; name = "bucket-slosher.png"; path = "Resources/bucket-slosher.png"; sourceTree = "<group>"; };
		6AA603231E863CDA0098FAC1 /* carbon-roller-deco.png */ = {isa = PBXFileReference; lastKnownFileType = image.png; name = "carbon-roller-deco.png"; path = "Resources/carbon-roller-deco.png"; sourceTree = "<group>"; };
		6AA603241E863CDA0098FAC1 /* carbon-roller.png */ = {isa = PBXFileReference; lastKnownFileType = image.png; name = "carbon-roller.png"; path = "Resources/carbon-roller.png"; sourceTree = "<group>"; };
		6AA603251E863CDA0098FAC1 /* dual-sweeper-custom.png */ = {isa = PBXFileReference; lastKnownFileType = image.png; name = "dual-sweeper-custom.png"; path = "Resources/dual-sweeper-custom.png"; sourceTree = "<group>"; };
		6AA603261E863CDA0098FAC1 /* dual-sweeper.png */ = {isa = PBXFileReference; lastKnownFileType = image.png; name = "dual-sweeper.png"; path = "Resources/dual-sweeper.png"; sourceTree = "<group>"; };
		6AA603271E863CDA0098FAC1 /* dynamo-roller-burned.png */ = {isa = PBXFileReference; lastKnownFileType = image.png; name = "dynamo-roller-burned.png"; path = "Resources/dynamo-roller-burned.png"; sourceTree = "<group>"; };
		6AA603281E863CDA0098FAC1 /* dynamo-roller-tesla.png */ = {isa = PBXFileReference; lastKnownFileType = image.png; name = "dynamo-roller-tesla.png"; path = "Resources/dynamo-roller-tesla.png"; sourceTree = "<group>"; };
		6AA603291E863CDA0098FAC1 /* dynamo-roller.png */ = {isa = PBXFileReference; lastKnownFileType = image.png; name = "dynamo-roller.png"; path = "Resources/dynamo-roller.png"; sourceTree = "<group>"; };
		6AA6032A1E863CDA0098FAC1 /* h3-reelgun-cherry.png */ = {isa = PBXFileReference; lastKnownFileType = image.png; name = "h3-reelgun-cherry.png"; path = "Resources/h3-reelgun-cherry.png"; sourceTree = "<group>"; };
		6AA6032B1E863CDA0098FAC1 /* h3-reelgun-d.png */ = {isa = PBXFileReference; lastKnownFileType = image.png; name = "h3-reelgun-d.png"; path = "Resources/h3-reelgun-d.png"; sourceTree = "<group>"; };
		6AA6032C1E863CDA0098FAC1 /* h3-reelgun.png */ = {isa = PBXFileReference; lastKnownFileType = image.png; name = "h3-reelgun.png"; path = "Resources/h3-reelgun.png"; sourceTree = "<group>"; };
		6AA6032D1E863CDA0098FAC1 /* hero-charger.png */ = {isa = PBXFileReference; lastKnownFileType = image.png; name = "hero-charger.png"; path = "Resources/hero-charger.png"; sourceTree = "<group>"; };
		6AA6032E1E863CDA0098FAC1 /* hero-roller.png */ = {isa = PBXFileReference; lastKnownFileType = image.png; name = "hero-roller.png"; path = "Resources/hero-roller.png"; sourceTree = "<group>"; };
		6AA6032F1E863CDA0098FAC1 /* hero-shooter.png */ = {isa = PBXFileReference; lastKnownFileType = image.png; name = "hero-shooter.png"; path = "Resources/hero-shooter.png"; sourceTree = "<group>"; };
		6AA603301E863CDA0098FAC1 /* hissen-hue.png */ = {isa = PBXFileReference; lastKnownFileType = image.png; name = "hissen-hue.png"; path = "Resources/hissen-hue.png"; sourceTree = "<group>"; };
		6AA603311E863CDA0098FAC1 /* hissen.png */ = {isa = PBXFileReference; lastKnownFileType = image.png; name = hissen.png; path = Resources/hissen.png; sourceTree = "<group>"; };
		6AA603321E863CDA0098FAC1 /* hokusai-hue.png */ = {isa = PBXFileReference; lastKnownFileType = image.png; name = "hokusai-hue.png"; path = "Resources/hokusai-hue.png"; sourceTree = "<group>"; };
		6AA603331E863CDA0098FAC1 /* hokusai.png */ = {isa = PBXFileReference; lastKnownFileType = image.png; name = hokusai.png; path = Resources/hokusai.png; sourceTree = "<group>"; };
		6AA603341E863CDA0098FAC1 /* hot-blaster-custom.png */ = {isa = PBXFileReference; lastKnownFileType = image.png; name = "hot-blaster-custom.png"; path = "Resources/hot-blaster-custom.png"; sourceTree = "<group>"; };
		6AA603351E863CDA0098FAC1 /* hot-blaster.png */ = {isa = PBXFileReference; lastKnownFileType = image.png; name = "hot-blaster.png"; path = "Resources/hot-blaster.png"; sourceTree = "<group>"; };
		6AA603361E863CDA0098FAC1 /* hydrant-custom.png */ = {isa = PBXFileReference; lastKnownFileType = image.png; name = "hydrant-custom.png"; path = "Resources/hydrant-custom.png"; sourceTree = "<group>"; };
		6AA603371E863CDA0098FAC1 /* hydrant.png */ = {isa = PBXFileReference; lastKnownFileType = image.png; name = hydrant.png; path = Resources/hydrant.png; sourceTree = "<group>"; };
		6AA603381E863CDA0098FAC1 /* jet-sweeper-custom.png */ = {isa = PBXFileReference; lastKnownFileType = image.png; name = "jet-sweeper-custom.png"; path = "Resources/jet-sweeper-custom.png"; sourceTree = "<group>"; };
		6AA603391E863CDA0098FAC1 /* jet-sweeper.png */ = {isa = PBXFileReference; lastKnownFileType = image.png; name = "jet-sweeper.png"; path = "Resources/jet-sweeper.png"; sourceTree = "<group>"; };
		6AA6033A1E863CDA0098FAC1 /* l3-reelgun-d.png */ = {isa = PBXFileReference; lastKnownFileType = image.png; name = "l3-reelgun-d.png"; path = "Resources/l3-reelgun-d.png"; sourceTree = "<group>"; };
		6AA6033B1E863CDA0098FAC1 /* l3-reelgun.png */ = {isa = PBXFileReference; lastKnownFileType = image.png; name = "l3-reelgun.png"; path = "Resources/l3-reelgun.png"; sourceTree = "<group>"; };
		6AA6033C1E863CDA0098FAC1 /* liter-3k-custom.png */ = {isa = PBXFileReference; lastKnownFileType = image.png; name = "liter-3k-custom.png"; path = "Resources/liter-3k-custom.png"; sourceTree = "<group>"; };
		6AA6033D1E863CDA0098FAC1 /* liter-3k-scope.png */ = {isa = PBXFileReference; lastKnownFileType = image.png; name = "liter-3k-scope.png"; path = "Resources/liter-3k-scope.png"; sourceTree = "<group>"; };
		6AA6033E1E863CDA0098FAC1 /* liter-3k.png */ = {isa = PBXFileReference; lastKnownFileType = image.png; name = "liter-3k.png"; path = "Resources/liter-3k.png"; sourceTree = "<group>"; };
		6AA6033F1E863CDA0098FAC1 /* long-blaster-custom.png */ = {isa = PBXFileReference; lastKnownFileType = image.png; name = "long-blaster-custom.png"; path = "Resources/long-blaster-custom.png"; sourceTree = "<group>"; };
		6AA603401E863CDA0098FAC1 /* long-blaster-necro.png */ = {isa = PBXFileReference; lastKnownFileType = image.png; name = "long-blaster-necro.png"; path = "Resources/long-blaster-necro.png"; sourceTree = "<group>"; };
		6AA603411E863CDA0098FAC1 /* long-blaster.png */ = {isa = PBXFileReference; lastKnownFileType = image.png; name = "long-blaster.png"; path = "Resources/long-blaster.png"; sourceTree = "<group>"; };
		6AA603421E863CDA0098FAC1 /* momiji-shooter.png */ = {isa = PBXFileReference; lastKnownFileType = image.png; name = "momiji-shooter.png"; path = "Resources/momiji-shooter.png"; sourceTree = "<group>"; };
		6AA603431E863CDA0098FAC1 /* n-zap-83.png */ = {isa = PBXFileReference; lastKnownFileType = image.png; name = "n-zap-83.png"; path = "Resources/n-zap-83.png"; sourceTree = "<group>"; };
		6AA603441E863CDA0098FAC1 /* n-zap-85.png */ = {isa = PBXFileReference; lastKnownFileType = image.png; name = "n-zap-85.png"; path = "Resources/n-zap-85.png"; sourceTree = "<group>"; };
		6AA603451E863CDA0098FAC1 /* n-zap-89.png */ = {isa = PBXFileReference; lastKnownFileType = image.png; name = "n-zap-89.png"; path = "Resources/n-zap-89.png"; sourceTree = "<group>"; };
		6AA603461E863CDA0098FAC1 /* nova-blaster-neo.png */ = {isa = PBXFileReference; lastKnownFileType = image.png; name = "nova-blaster-neo.png"; path = "Resources/nova-blaster-neo.png"; sourceTree = "<group>"; };
		6AA603471E863CDA0098FAC1 /* nova-blaster.png */ = {isa = PBXFileReference; lastKnownFileType = image.png; name = "nova-blaster.png"; path = "Resources/nova-blaster.png"; sourceTree = "<group>"; };
		6AA603481E863CDA0098FAC1 /* octa-shooter.png */ = {isa = PBXFileReference; lastKnownFileType = image.png; name = "octa-shooter.png"; path = "Resources/octa-shooter.png"; sourceTree = "<group>"; };
		6AA603491E863CDA0098FAC1 /* pablo-hue.png */ = {isa = PBXFileReference; lastKnownFileType = image.png; name = "pablo-hue.png"; path = "Resources/pablo-hue.png"; sourceTree = "<group>"; };
		6AA6034A1E863CDA0098FAC1 /* pablo.png */ = {isa = PBXFileReference; lastKnownFileType = image.png; name = pablo.png; path = Resources/pablo.png; sourceTree = "<group>"; };
		6AA6034B1E863CDA0098FAC1 /* permanent-pablo.png */ = {isa = PBXFileReference; lastKnownFileType = image.png; name = "permanent-pablo.png"; path = "Resources/permanent-pablo.png"; sourceTree = "<group>"; };
		6AA6034C1E863CDA0098FAC1 /* prime-shooter-berry.png */ = {isa = PBXFileReference; lastKnownFileType = image.png; name = "prime-shooter-berry.png"; path = "Resources/prime-shooter-berry.png"; sourceTree = "<group>"; };
		6AA6034D1E863CDA0098FAC1 /* prime-shooter-collab.png */ = {isa = PBXFileReference; lastKnownFileType = image.png; name = "prime-shooter-collab.png"; path = "Resources/prime-shooter-collab.png"; sourceTree = "<group>"; };
		6AA6034E1E863CDA0098FAC1 /* prime-shooter.png */ = {isa = PBXFileReference; lastKnownFileType = image.png; name = "prime-shooter.png"; path = "Resources/prime-shooter.png"; sourceTree = "<group>"; };
		6AA6034F1E863CDA0098FAC1 /* pro-modeler-mg.png */ = {isa = PBXFileReference; lastKnownFileType = image.png; name = "pro-modeler-mg.png"; path = "Resources/pro-modeler-mg.png"; sourceTree = "<group>"; };
		6AA603501E863CDA0098FAC1 /* pro-modeler-pg.png */ = {isa = PBXFileReference; lastKnownFileType = image.png; name = "pro-modeler-pg.png"; path = "Resources/pro-modeler-pg.png"; sourceTree = "<group>"; };
		6AA603511E863CDA0098FAC1 /* pro-modeler-rg.png */ = {isa = PBXFileReference; lastKnownFileType = image.png; name = "pro-modeler-rg.png"; path = "Resources/pro-modeler-rg.png"; sourceTree = "<group>"; };
		6AA603521E863CDA0098FAC1 /* r-blaster-elite.png */ = {isa = PBXFileReference; lastKnownFileType = image.png; name = "r-blaster-elite.png"; path = "Resources/r-blaster-elite.png"; sourceTree = "<group>"; };
		6AA603531E863CDA0098FAC1 /* r-blaster-eliter-deco.png */ = {isa = PBXFileReference; lastKnownFileType = image.png; name = "r-blaster-eliter-deco.png"; path = "Resources/r-blaster-eliter-deco.png"; sourceTree = "<group>"; };
		6AA603541E863CDA0098FAC1 /* rapid-blaster-deco.png */ = {isa = PBXFileReference; lastKnownFileType = image.png; name = "rapid-blaster-deco.png"; path = "Resources/rapid-blaster-deco.png"; sourceTree = "<group>"; };
		6AA603551E863CDA0098FAC1 /* rapid-blaster.png */ = {isa = PBXFileReference; lastKnownFileType = image.png; name = "rapid-blaster.png"; path = "Resources/rapid-blaster.png"; sourceTree = "<group>"; };
		6AA603561E863CDA0098FAC1 /* screw-slosher-neo.png */ = {isa = PBXFileReference; lastKnownFileType = image.png; name = "screw-slosher-neo.png"; path = "Resources/screw-slosher-neo.png"; sourceTree = "<group>"; };
		6AA603571E863CDA0098FAC1 /* screw-slosher.png */ = {isa = PBXFileReference; lastKnownFileType = image.png; name = "screw-slosher.png"; path = "Resources/screw-slosher.png"; sourceTree = "<group>"; };
		6AA603581E863CDA0098FAC1 /* sharp-marker-neo.png */ = {isa = PBXFileReference; lastKnownFileType = image.png; name = "sharp-marker-neo.png"; path = "Resources/sharp-marker-neo.png"; sourceTree = "<group>"; };
		6AA603591E863CDA0098FAC1 /* sharp-marker.png */ = {isa = PBXFileReference; lastKnownFileType = image.png; name = "sharp-marker.png"; path = "Resources/sharp-marker.png"; sourceTree = "<group>"; };
		6AA6035A1E863CDA0098FAC1 /* splat-charger-bento.png */ = {isa = PBXFileReference; lastKnownFileType = image.png; name = "splat-charger-bento.png"; path = "Resources/splat-charger-bento.png"; sourceTree = "<group>"; };
		6AA6035B1E863CDA0098FAC1 /* splat-charger-scope.png */ = {isa = PBXFileReference; lastKnownFileType = image.png; name = "splat-charger-scope.png"; path = "Resources/splat-charger-scope.png"; sourceTree = "<group>"; };
		6AA6035C1E863CDA0098FAC1 /* splat-charger-wakame.png */ = {isa = PBXFileReference; lastKnownFileType = image.png; name = "splat-charger-wakame.png"; path = "Resources/splat-charger-wakame.png"; sourceTree = "<group>"; };
		6AA6035D1E863CDA0098FAC1 /* splat-charger.png */ = {isa = PBXFileReference; lastKnownFileType = image.png; name = "splat-charger.png"; path = "Resources/splat-charger.png"; sourceTree = "<group>"; };
		6AA6035E1E863CDA0098FAC1 /* splat-roller-collab.png */ = {isa = PBXFileReference; lastKnownFileType = image.png; name = "splat-roller-collab.png"; path = "Resources/splat-roller-collab.png"; sourceTree = "<group>"; };
		6AA6035F1E863CDA0098FAC1 /* splat-roller-corocoro.png */ = {isa = PBXFileReference; lastKnownFileType = image.png; name = "splat-roller-corocoro.png"; path = "Resources/splat-roller-corocoro.png"; sourceTree = "<group>"; };
		6AA603601E863CDA0098FAC1 /* splat-roller.png */ = {isa = PBXFileReference; lastKnownFileType = image.png; name = "splat-roller.png"; path = "Resources/splat-roller.png"; sourceTree = "<group>"; };
		6AA603611E863CDA0098FAC1 /* splat-scope-bento.png */ = {isa = PBXFileReference; lastKnownFileType = image.png; name = "splat-scope-bento.png"; path = "Resources/splat-scope-bento.png"; sourceTree = "<group>"; };
		6AA603621E863CDA0098FAC1 /* splat-shooter-collab.png */ = {isa = PBXFileReference; lastKnownFileType = image.png; name = "splat-shooter-collab.png"; path = "Resources/splat-shooter-collab.png"; sourceTree = "<group>"; };
		6AA603631E863CDA0098FAC1 /* splat-shooter.png */ = {isa = PBXFileReference; lastKnownFileType = image.png; name = "splat-shooter.png"; path = "Resources/splat-shooter.png"; sourceTree = "<group>"; };
		6AA603641E863CDA0098FAC1 /* splat-wakame-scope.png */ = {isa = PBXFileReference; lastKnownFileType = image.png; name = "splat-wakame-scope.png"; path = "Resources/splat-wakame-scope.png"; sourceTree = "<group>"; };
		6AA603651E863CDA0098FAC1 /* sprat-shooter-wasabi.png */ = {isa = PBXFileReference; lastKnownFileType = image.png; name = "sprat-shooter-wasabi.png"; path = "Resources/sprat-shooter-wasabi.png"; sourceTree = "<group>"; };
		6AA603661E863CDA0098FAC1 /* sprat-spinner-collab.png */ = {isa = PBXFileReference; lastKnownFileType = image.png; name = "sprat-spinner-collab.png"; path = "Resources/sprat-spinner-collab.png"; sourceTree = "<group>"; };
		6AA603671E863CDA0098FAC1 /* sprat-spinner-repair.png */ = {isa = PBXFileReference; lastKnownFileType = image.png; name = "sprat-spinner-repair.png"; path = "Resources/sprat-spinner-repair.png"; sourceTree = "<group>"; };
		6AA603681E863CDA0098FAC1 /* sprat-spinner.png */ = {isa = PBXFileReference; lastKnownFileType = image.png; name = "sprat-spinner.png"; path = "Resources/sprat-spinner.png"; sourceTree = "<group>"; };
		6AA603691E863CDA0098FAC1 /* squicklin-alpha.png */ = {isa = PBXFileReference; lastKnownFileType = image.png; name = "squicklin-alpha.png"; path = "Resources/squicklin-alpha.png"; sourceTree = "<group>"; };
		6AA6036A1E863CDA0098FAC1 /* squicklin-beta.png */ = {isa = PBXFileReference; lastKnownFileType = image.png; name = "squicklin-beta.png"; path = "Resources/squicklin-beta.png"; sourceTree = "<group>"; };
		6AA6036B1E863CDA0098FAC1 /* squicklin-gamma.png */ = {isa = PBXFileReference; lastKnownFileType = image.png; name = "squicklin-gamma.png"; path = "Resources/squicklin-gamma.png"; sourceTree = "<group>"; };
		6AA6036C1E863CDA0098FAC1 /* wakaba-shooter.png */ = {isa = PBXFileReference; lastKnownFileType = image.png; name = "wakaba-shooter.png"; path = "Resources/wakaba-shooter.png"; sourceTree = "<group>"; };
		6AA603C81E879CCA0098FAC1 /* Sort.png */ = {isa = PBXFileReference; lastKnownFileType = image.png; name = Sort.png; path = Resources/Sort.png; sourceTree = "<group>"; };
		6AA603CA1E879DC90098FAC1 /* Config.png */ = {isa = PBXFileReference; lastKnownFileType = image.png; name = Config.png; path = Resources/Config.png; sourceTree = "<group>"; };
		6AA603CC1E879DE80098FAC1 /* Home.png */ = {isa = PBXFileReference; lastKnownFileType = image.png; name = Home.png; path = Resources/Home.png; sourceTree = "<group>"; };
		6AA603CE1E89EA350098FAC1 /* Capture.png */ = {isa = PBXFileReference; lastKnownFileType = image.png; name = Capture.png; path = Resources/Capture.png; sourceTree = "<group>"; };
		761AFB948E228A3FD8E04F61 /* Pods_WeaponsPerStageTests.framework */ = {isa = PBXFileReference; explicitFileType = wrapper.framework; includeInIndex = 0; path = Pods_WeaponsPerStageTests.framework; sourceTree = BUILT_PRODUCTS_DIR; };
		897FE971890AF0FDAD81D7B1 /* Pods-WeaponsPerStage.release.xcconfig */ = {isa = PBXFileReference; includeInIndex = 1; lastKnownFileType = text.xcconfig; name = "Pods-WeaponsPerStage.release.xcconfig"; path = "Pods/Target Support Files/Pods-WeaponsPerStage/Pods-WeaponsPerStage.release.xcconfig"; sourceTree = "<group>"; };
		9D1A033D1E6969C000EAFAFB /* ConstText.swift */ = {isa = PBXFileReference; fileEncoding = 4; lastKnownFileType = sourcecode.swift; name = ConstText.swift; path = Const/ConstText.swift; sourceTree = "<group>"; };
		9D1A03401E696EBA00EAFAFB /* ConstColor.swift */ = {isa = PBXFileReference; fileEncoding = 4; lastKnownFileType = sourcecode.swift; name = ConstColor.swift; path = Const/ConstColor.swift; sourceTree = "<group>"; };
		9D1A03421E69709A00EAFAFB /* NavigationController.swift */ = {isa = PBXFileReference; fileEncoding = 4; lastKnownFileType = sourcecode.swift; name = NavigationController.swift; path = Controller/NavigationController.swift; sourceTree = "<group>"; };
		9D2E6A1B1E8CF03C005F4D7E /* DeviceSizeManager.swift */ = {isa = PBXFileReference; fileEncoding = 4; lastKnownFileType = sourcecode.swift; name = DeviceSizeManager.swift; path = Model/Manager/DeviceSizeManager.swift; sourceTree = "<group>"; };
		9D374BAC1E810A2A00571005 /* TabBarController.swift */ = {isa = PBXFileReference; fileEncoding = 4; lastKnownFileType = sourcecode.swift; name = TabBarController.swift; path = Controller/TabBarController.swift; sourceTree = "<group>"; };
		9D374BB31E811C0600571005 /* SortViewController.swift */ = {isa = PBXFileReference; fileEncoding = 4; lastKnownFileType = sourcecode.swift; name = SortViewController.swift; path = Controller/SortViewController.swift; sourceTree = "<group>"; };
		9D3A435F1E680E52001CE036 /* WeaponsPerStage.app */ = {isa = PBXFileReference; explicitFileType = wrapper.application; includeInIndex = 0; path = WeaponsPerStage.app; sourceTree = BUILT_PRODUCTS_DIR; };
		9D3A43621E680E52001CE036 /* AppDelegate.swift */ = {isa = PBXFileReference; lastKnownFileType = sourcecode.swift; path = AppDelegate.swift; sourceTree = "<group>"; };
		9D3A43671E680E52001CE036 /* Base */ = {isa = PBXFileReference; lastKnownFileType = file.storyboard; name = Base; path = Base.lproj/Main.storyboard; sourceTree = "<group>"; };
		9D3A43691E680E52001CE036 /* Assets.xcassets */ = {isa = PBXFileReference; lastKnownFileType = folder.assetcatalog; path = Assets.xcassets; sourceTree = "<group>"; };
		9D3A436C1E680E53001CE036 /* Base */ = {isa = PBXFileReference; lastKnownFileType = file.storyboard; name = Base; path = Base.lproj/LaunchScreen.storyboard; sourceTree = "<group>"; };
		9D3A436E1E680E53001CE036 /* Info.plist */ = {isa = PBXFileReference; lastKnownFileType = text.plist.xml; path = Info.plist; sourceTree = "<group>"; };
		9D3A43731E680E53001CE036 /* WeaponsPerStageTests.xctest */ = {isa = PBXFileReference; explicitFileType = wrapper.cfbundle; includeInIndex = 0; path = WeaponsPerStageTests.xctest; sourceTree = BUILT_PRODUCTS_DIR; };
		9D3A43771E680E53001CE036 /* WeaponsPerStageTests.swift */ = {isa = PBXFileReference; lastKnownFileType = sourcecode.swift; path = WeaponsPerStageTests.swift; sourceTree = "<group>"; };
		9D3A43791E680E53001CE036 /* Info.plist */ = {isa = PBXFileReference; lastKnownFileType = text.plist.xml; path = Info.plist; sourceTree = "<group>"; };
		9D74A74C1E692E2C00AC66A6 /* WaponsPerStageTableViewCell.swift */ = {isa = PBXFileReference; fileEncoding = 4; lastKnownFileType = sourcecode.swift; name = WaponsPerStageTableViewCell.swift; path = View/WaponsPerStageTableViewCell.swift; sourceTree = "<group>"; };
		9D74A74D1E692E2C00AC66A6 /* WaponsPerStageTableViewCell.xib */ = {isa = PBXFileReference; fileEncoding = 4; lastKnownFileType = file.xib; name = WaponsPerStageTableViewCell.xib; path = View/WaponsPerStageTableViewCell.xib; sourceTree = "<group>"; };
		9D74A74E1E692E2C00AC66A6 /* WeaponsTableViewCell.swift */ = {isa = PBXFileReference; fileEncoding = 4; lastKnownFileType = sourcecode.swift; name = WeaponsTableViewCell.swift; path = View/WeaponsTableViewCell.swift; sourceTree = "<group>"; };
		9D74A74F1E692E2C00AC66A6 /* WeaponsTableViewCell.xib */ = {isa = PBXFileReference; fileEncoding = 4; lastKnownFileType = file.xib; name = WeaponsTableViewCell.xib; path = View/WeaponsTableViewCell.xib; sourceTree = "<group>"; };
		9D74A7541E692E3A00AC66A6 /* IndexManager.swift */ = {isa = PBXFileReference; fileEncoding = 4; lastKnownFileType = sourcecode.swift; name = IndexManager.swift; path = Model/Manager/IndexManager.swift; sourceTree = "<group>"; };
		9D74A7551E692E3A00AC66A6 /* JsonManager.swift */ = {isa = PBXFileReference; fileEncoding = 4; lastKnownFileType = sourcecode.swift; name = JsonManager.swift; path = Model/Manager/JsonManager.swift; sourceTree = "<group>"; };
		9D74A7591E692E5200AC66A6 /* DataSource.swift */ = {isa = PBXFileReference; fileEncoding = 4; lastKnownFileType = sourcecode.swift; name = DataSource.swift; path = DataSources/DataSource.swift; sourceTree = "<group>"; };
		9D74A75B1E692E5E00AC66A6 /* HomeViewController.swift */ = {isa = PBXFileReference; fileEncoding = 4; lastKnownFileType = sourcecode.swift; name = HomeViewController.swift; path = Controller/HomeViewController.swift; sourceTree = "<group>"; };
		9D74A75C1E692E5E00AC66A6 /* WeaponsSelectionViewController.swift */ = {isa = PBXFileReference; fileEncoding = 4; lastKnownFileType = sourcecode.swift; name = WeaponsSelectionViewController.swift; path = Controller/WeaponsSelectionViewController.swift; sourceTree = "<group>"; };
		9D74A7601E6943D400AC66A6 /* WeaponsPerStageEntity.swift */ = {isa = PBXFileReference; fileEncoding = 4; lastKnownFileType = sourcecode.swift; name = WeaponsPerStageEntity.swift; path = Model/Entity/WeaponsPerStageEntity.swift; sourceTree = "<group>"; };
		9D74A7621E6945B300AC66A6 /* WeaponsPerStageStoreManager.swift */ = {isa = PBXFileReference; fileEncoding = 4; lastKnownFileType = sourcecode.swift; name = WeaponsPerStageStoreManager.swift; path = Model/Manager/WeaponsPerStageStoreManager.swift; sourceTree = "<group>"; };
		9D74A7641E69552500AC66A6 /* ConfigViewController.swift */ = {isa = PBXFileReference; fileEncoding = 4; lastKnownFileType = sourcecode.swift; name = ConfigViewController.swift; path = Controller/ConfigViewController.swift; sourceTree = "<group>"; };
		9DF691FD1E85008400E5A063 /* ContainViewController.swift */ = {isa = PBXFileReference; fileEncoding = 4; lastKnownFileType = sourcecode.swift; name = ContainViewController.swift; path = Controller/ContainViewController.swift; sourceTree = "<group>"; };
		9DF692011E88F31100E5A063 /* UITableView+Capture.swift */ = {isa = PBXFileReference; fileEncoding = 4; lastKnownFileType = sourcecode.swift; name = "UITableView+Capture.swift"; path = "Extention/UITableView+Capture.swift"; sourceTree = "<group>"; };
		9DF692031E88F38A00E5A063 /* UIView+Capture.swift */ = {isa = PBXFileReference; fileEncoding = 4; lastKnownFileType = sourcecode.swift; name = "UIView+Capture.swift"; path = "Extention/UIView+Capture.swift"; sourceTree = "<group>"; };
		9DF7B4451E89137C00C6DE57 /* UIImage+Cropping.swift */ = {isa = PBXFileReference; fileEncoding = 4; lastKnownFileType = sourcecode.swift; name = "UIImage+Cropping.swift"; path = "Extention/UIImage+Cropping.swift"; sourceTree = "<group>"; };
		F90DC3D630E966152D55EAEC /* Pods_WeaponsPerStage.framework */ = {isa = PBXFileReference; explicitFileType = wrapper.framework; includeInIndex = 0; path = Pods_WeaponsPerStage.framework; sourceTree = BUILT_PRODUCTS_DIR; };
		FD6CE7A3601BD2049FCAA9A8 /* Pods-WeaponsPerStageTests.release.xcconfig */ = {isa = PBXFileReference; includeInIndex = 1; lastKnownFileType = text.xcconfig; name = "Pods-WeaponsPerStageTests.release.xcconfig"; path = "Pods/Target Support Files/Pods-WeaponsPerStageTests/Pods-WeaponsPerStageTests.release.xcconfig"; sourceTree = "<group>"; };
/* End PBXFileReference section */

/* Begin PBXFrameworksBuildPhase section */
		9D3A435C1E680E52001CE036 /* Frameworks */ = {
			isa = PBXFrameworksBuildPhase;
			buildActionMask = 2147483647;
			files = (
				A2AE6346D067B046F0C386A1 /* Pods_WeaponsPerStage.framework in Frameworks */,
			);
			runOnlyForDeploymentPostprocessing = 0;
		};
		9D3A43701E680E53001CE036 /* Frameworks */ = {
			isa = PBXFrameworksBuildPhase;
			buildActionMask = 2147483647;
			files = (
				8075CC350F6F097E44A26A31 /* Pods_WeaponsPerStageTests.framework in Frameworks */,
			);
			runOnlyForDeploymentPostprocessing = 0;
		};
/* End PBXFrameworksBuildPhase section */

/* Begin PBXGroup section */
		6AA6030E1E6840450098FAC1 /* Manager */ = {
			isa = PBXGroup;
			children = (
				9D74A7541E692E3A00AC66A6 /* IndexManager.swift */,
				9D74A7551E692E3A00AC66A6 /* JsonManager.swift */,
				9D74A7621E6945B300AC66A6 /* WeaponsPerStageStoreManager.swift */,
				9D2E6A1B1E8CF03C005F4D7E /* DeviceSizeManager.swift */,
			);
			name = Manager;
			sourceTree = "<group>";
		};
		6AA603111E863CC40098FAC1 /* WeaponsIcon */ = {
			isa = PBXGroup;
			children = (
				6AA603121E863CDA0098FAC1 /* 3k-scope-custom.png */,
				6AA603131E863CDA0098FAC1 /* 52-gallon-deco.png */,
				6AA603141E863CDA0098FAC1 /* 52-gallon.png */,
				6AA603151E863CDA0098FAC1 /* 96-gallon-deco.png */,
				6AA603161E863CDA0098FAC1 /* 96-gallon.png */,
				6AA603171E863CDA0098FAC1 /* bamboozler-14-mk-1.png */,
				6AA603181E863CDA0098FAC1 /* bamboozler-14-mk-2.png */,
				6AA603191E863CDA0098FAC1 /* bamboozler-14-mk-3.png */,
				6AA6031A1E863CDA0098FAC1 /* barrel-spinner-deco.png */,
				6AA6031B1E863CDA0098FAC1 /* barrel-spinner-remix.png */,
				6AA6031C1E863CDA0098FAC1 /* barrel-spinner.png */,
				6AA6031D1E863CDA0098FAC1 /* bold-marker-7.png */,
				6AA6031E1E863CDA0098FAC1 /* bold-marker-neo.png */,
				6AA6031F1E863CDA0098FAC1 /* bold-marker.png */,
				6AA603201E863CDA0098FAC1 /* bucket-slosher-deco.png */,
				6AA603211E863CDA0098FAC1 /* bucket-slosher-soda.png */,
				6AA603221E863CDA0098FAC1 /* bucket-slosher.png */,
				6AA603231E863CDA0098FAC1 /* carbon-roller-deco.png */,
				6AA603241E863CDA0098FAC1 /* carbon-roller.png */,
				6AA603251E863CDA0098FAC1 /* dual-sweeper-custom.png */,
				6AA603261E863CDA0098FAC1 /* dual-sweeper.png */,
				6AA603271E863CDA0098FAC1 /* dynamo-roller-burned.png */,
				6AA603281E863CDA0098FAC1 /* dynamo-roller-tesla.png */,
				6AA603291E863CDA0098FAC1 /* dynamo-roller.png */,
				6AA6032A1E863CDA0098FAC1 /* h3-reelgun-cherry.png */,
				6AA6032B1E863CDA0098FAC1 /* h3-reelgun-d.png */,
				6AA6032C1E863CDA0098FAC1 /* h3-reelgun.png */,
				6AA6032D1E863CDA0098FAC1 /* hero-charger.png */,
				6AA6032E1E863CDA0098FAC1 /* hero-roller.png */,
				6AA6032F1E863CDA0098FAC1 /* hero-shooter.png */,
				6AA603301E863CDA0098FAC1 /* hissen-hue.png */,
				6AA603311E863CDA0098FAC1 /* hissen.png */,
				6AA603321E863CDA0098FAC1 /* hokusai-hue.png */,
				6AA603331E863CDA0098FAC1 /* hokusai.png */,
				6AA603341E863CDA0098FAC1 /* hot-blaster-custom.png */,
				6AA603351E863CDA0098FAC1 /* hot-blaster.png */,
				6AA603361E863CDA0098FAC1 /* hydrant-custom.png */,
				6AA603371E863CDA0098FAC1 /* hydrant.png */,
				6AA603381E863CDA0098FAC1 /* jet-sweeper-custom.png */,
				6AA603391E863CDA0098FAC1 /* jet-sweeper.png */,
				6AA6033A1E863CDA0098FAC1 /* l3-reelgun-d.png */,
				6AA6033B1E863CDA0098FAC1 /* l3-reelgun.png */,
				6AA6033C1E863CDA0098FAC1 /* liter-3k-custom.png */,
				6AA6033D1E863CDA0098FAC1 /* liter-3k-scope.png */,
				6AA6033E1E863CDA0098FAC1 /* liter-3k.png */,
				6AA6033F1E863CDA0098FAC1 /* long-blaster-custom.png */,
				6AA603401E863CDA0098FAC1 /* long-blaster-necro.png */,
				6AA603411E863CDA0098FAC1 /* long-blaster.png */,
				6AA603421E863CDA0098FAC1 /* momiji-shooter.png */,
				6AA603431E863CDA0098FAC1 /* n-zap-83.png */,
				6AA603441E863CDA0098FAC1 /* n-zap-85.png */,
				6AA603451E863CDA0098FAC1 /* n-zap-89.png */,
				6AA603461E863CDA0098FAC1 /* nova-blaster-neo.png */,
				6AA603471E863CDA0098FAC1 /* nova-blaster.png */,
				6AA603481E863CDA0098FAC1 /* octa-shooter.png */,
				6AA603491E863CDA0098FAC1 /* pablo-hue.png */,
				6AA6034A1E863CDA0098FAC1 /* pablo.png */,
				6AA6034B1E863CDA0098FAC1 /* permanent-pablo.png */,
				6AA6034C1E863CDA0098FAC1 /* prime-shooter-berry.png */,
				6AA6034D1E863CDA0098FAC1 /* prime-shooter-collab.png */,
				6AA6034E1E863CDA0098FAC1 /* prime-shooter.png */,
				6AA6034F1E863CDA0098FAC1 /* pro-modeler-mg.png */,
				6AA603501E863CDA0098FAC1 /* pro-modeler-pg.png */,
				6AA603511E863CDA0098FAC1 /* pro-modeler-rg.png */,
				6AA603521E863CDA0098FAC1 /* r-blaster-elite.png */,
				6AA603531E863CDA0098FAC1 /* r-blaster-eliter-deco.png */,
				6AA603541E863CDA0098FAC1 /* rapid-blaster-deco.png */,
				6AA603551E863CDA0098FAC1 /* rapid-blaster.png */,
				6AA603561E863CDA0098FAC1 /* screw-slosher-neo.png */,
				6AA603571E863CDA0098FAC1 /* screw-slosher.png */,
				6AA603581E863CDA0098FAC1 /* sharp-marker-neo.png */,
				6AA603591E863CDA0098FAC1 /* sharp-marker.png */,
				6AA6035A1E863CDA0098FAC1 /* splat-charger-bento.png */,
				6AA6035B1E863CDA0098FAC1 /* splat-charger-scope.png */,
				6AA6035C1E863CDA0098FAC1 /* splat-charger-wakame.png */,
				6AA6035D1E863CDA0098FAC1 /* splat-charger.png */,
				6AA6035E1E863CDA0098FAC1 /* splat-roller-collab.png */,
				6AA6035F1E863CDA0098FAC1 /* splat-roller-corocoro.png */,
				6AA603601E863CDA0098FAC1 /* splat-roller.png */,
				6AA603611E863CDA0098FAC1 /* splat-scope-bento.png */,
				6AA603621E863CDA0098FAC1 /* splat-shooter-collab.png */,
				6AA603631E863CDA0098FAC1 /* splat-shooter.png */,
				6AA603641E863CDA0098FAC1 /* splat-wakame-scope.png */,
				6AA603651E863CDA0098FAC1 /* sprat-shooter-wasabi.png */,
				6AA603661E863CDA0098FAC1 /* sprat-spinner-collab.png */,
				6AA603671E863CDA0098FAC1 /* sprat-spinner-repair.png */,
				6AA603681E863CDA0098FAC1 /* sprat-spinner.png */,
				6AA603691E863CDA0098FAC1 /* squicklin-alpha.png */,
				6AA6036A1E863CDA0098FAC1 /* squicklin-beta.png */,
				6AA6036B1E863CDA0098FAC1 /* squicklin-gamma.png */,
				6AA6036C1E863CDA0098FAC1 /* wakaba-shooter.png */,
			);
			name = WeaponsIcon;
			sourceTree = "<group>";
		};
		9D1A033F1E6969C700EAFAFB /* Const */ = {
			isa = PBXGroup;
			children = (
				9D1A033D1E6969C000EAFAFB /* ConstText.swift */,
				9D1A03401E696EBA00EAFAFB /* ConstColor.swift */,
			);
			name = Const;
			sourceTree = "<group>";
		};
		9D374BAE1E8111E500571005 /* Resource */ = {
			isa = PBXGroup;
			children = (
				6AA603111E863CC40098FAC1 /* WeaponsIcon */,
				6AA603CA1E879DC90098FAC1 /* Config.png */,
				6AA603CE1E89EA350098FAC1 /* Capture.png */,
				6AA603CC1E879DE80098FAC1 /* Home.png */,
				6AA603C81E879CCA0098FAC1 /* Sort.png */,
			);
			name = Resource;
			sourceTree = "<group>";
		};
		9D3A43561E680E52001CE036 = {
			isa = PBXGroup;
			children = (
				9D3A43611E680E52001CE036 /* WeaponsPerStage */,
				9D3A43761E680E53001CE036 /* WeaponsPerStageTests */,
				9D3A43601E680E52001CE036 /* Products */,
				D96B5F4244DD175BFCB71B7E /* Pods */,
				D7C9BD3031CE7BA9DA5C9F64 /* Frameworks */,
			);
			sourceTree = "<group>";
		};
		9D3A43601E680E52001CE036 /* Products */ = {
			isa = PBXGroup;
			children = (
				9D3A435F1E680E52001CE036 /* WeaponsPerStage.app */,
				9D3A43731E680E53001CE036 /* WeaponsPerStageTests.xctest */,
			);
			name = Products;
			sourceTree = "<group>";
		};
		9D3A43611E680E52001CE036 /* WeaponsPerStage */ = {
			isa = PBXGroup;
			children = (
				9DF692001E88F2B700E5A063 /* Extention */,
				9D374BAE1E8111E500571005 /* Resource */,
				9D3A43621E680E52001CE036 /* AppDelegate.swift */,
				9D1A033F1E6969C700EAFAFB /* Const */,
				9D74A7581E692E4300AC66A6 /* Model */,
				9D74A74B1E69294900AC66A6 /* DataSources */,
				9D3A438D1E681D82001CE036 /* View */,
				9D3A438C1E681D74001CE036 /* Controller */,
				9D3A43691E680E52001CE036 /* Assets.xcassets */,
				9D3A436E1E680E53001CE036 /* Info.plist */,
				6AA6030C1E6837E80098FAC1 /* Resources.bundle */,
			);
			path = WeaponsPerStage;
			sourceTree = "<group>";
		};
		9D3A43761E680E53001CE036 /* WeaponsPerStageTests */ = {
			isa = PBXGroup;
			children = (
				9D3A43771E680E53001CE036 /* WeaponsPerStageTests.swift */,
				9D3A43791E680E53001CE036 /* Info.plist */,
			);
			path = WeaponsPerStageTests;
			sourceTree = "<group>";
		};
		9D3A438C1E681D74001CE036 /* Controller */ = {
			isa = PBXGroup;
			children = (
				9D74A75B1E692E5E00AC66A6 /* HomeViewController.swift */,
				9D74A75C1E692E5E00AC66A6 /* WeaponsSelectionViewController.swift */,
				9D374BB31E811C0600571005 /* SortViewController.swift */,
				9D74A7641E69552500AC66A6 /* ConfigViewController.swift */,
				9DF691FF1E85193000E5A063 /* Container */,
			);
			name = Controller;
			sourceTree = "<group>";
		};
		9D3A438D1E681D82001CE036 /* View */ = {
			isa = PBXGroup;
			children = (
				9D3A436B1E680E53001CE036 /* LaunchScreen.storyboard */,
				9D3A43661E680E52001CE036 /* Main.storyboard */,
				9D74A74C1E692E2C00AC66A6 /* WaponsPerStageTableViewCell.swift */,
				9D74A74D1E692E2C00AC66A6 /* WaponsPerStageTableViewCell.xib */,
				9D74A74E1E692E2C00AC66A6 /* WeaponsTableViewCell.swift */,
				9D74A74F1E692E2C00AC66A6 /* WeaponsTableViewCell.xib */,
			);
			name = View;
			sourceTree = "<group>";
		};
		9D74A74B1E69294900AC66A6 /* DataSources */ = {
			isa = PBXGroup;
			children = (
				9D74A7591E692E5200AC66A6 /* DataSource.swift */,
			);
			name = DataSources;
			sourceTree = "<group>";
		};
		9D74A7581E692E4300AC66A6 /* Model */ = {
			isa = PBXGroup;
			children = (
				9D74A75F1E69437E00AC66A6 /* Entity */,
				6AA6030E1E6840450098FAC1 /* Manager */,
			);
			name = Model;
			sourceTree = "<group>";
		};
		9D74A75F1E69437E00AC66A6 /* Entity */ = {
			isa = PBXGroup;
			children = (
				9D74A7601E6943D400AC66A6 /* WeaponsPerStageEntity.swift */,
			);
			name = Entity;
			sourceTree = "<group>";
		};
		9DF691FF1E85193000E5A063 /* Container */ = {
			isa = PBXGroup;
			children = (
				9DF691FD1E85008400E5A063 /* ContainViewController.swift */,
				9D1A03421E69709A00EAFAFB /* NavigationController.swift */,
				9D374BAC1E810A2A00571005 /* TabBarController.swift */,
			);
			name = Container;
			sourceTree = "<group>";
		};
		9DF692001E88F2B700E5A063 /* Extention */ = {
			isa = PBXGroup;
			children = (
				9DF692011E88F31100E5A063 /* UITableView+Capture.swift */,
				9DF692031E88F38A00E5A063 /* UIView+Capture.swift */,
				9DF7B4451E89137C00C6DE57 /* UIImage+Cropping.swift */,
			);
			name = Extention;
			sourceTree = "<group>";
		};
		D7C9BD3031CE7BA9DA5C9F64 /* Frameworks */ = {
			isa = PBXGroup;
			children = (
				F90DC3D630E966152D55EAEC /* Pods_WeaponsPerStage.framework */,
				761AFB948E228A3FD8E04F61 /* Pods_WeaponsPerStageTests.framework */,
			);
			name = Frameworks;
			sourceTree = "<group>";
		};
		D96B5F4244DD175BFCB71B7E /* Pods */ = {
			isa = PBXGroup;
			children = (
				28AB7E11C77E8FE21BD084AA /* Pods-WeaponsPerStage.debug.xcconfig */,
				897FE971890AF0FDAD81D7B1 /* Pods-WeaponsPerStage.release.xcconfig */,
				385A6CF511379D6343538F06 /* Pods-WeaponsPerStageTests.debug.xcconfig */,
				FD6CE7A3601BD2049FCAA9A8 /* Pods-WeaponsPerStageTests.release.xcconfig */,
			);
			name = Pods;
			sourceTree = "<group>";
		};
/* End PBXGroup section */

/* Begin PBXNativeTarget section */
		9D3A435E1E680E52001CE036 /* WeaponsPerStage */ = {
			isa = PBXNativeTarget;
			buildConfigurationList = 9D3A437C1E680E53001CE036 /* Build configuration list for PBXNativeTarget "WeaponsPerStage" */;
			buildPhases = (
				7EE83E8C1901149FA2D5EB71 /* [CP] Check Pods Manifest.lock */,
				9D3A435B1E680E52001CE036 /* Sources */,
				9D3A435C1E680E52001CE036 /* Frameworks */,
				9D3A435D1E680E52001CE036 /* Resources */,
				3D5D2142FF482E262878C611 /* [CP] Embed Pods Frameworks */,
				315FE3E509879CF27342C5EE /* [CP] Copy Pods Resources */,
			);
			buildRules = (
			);
			dependencies = (
			);
			name = WeaponsPerStage;
			productName = WeaponsPerStage;
			productReference = 9D3A435F1E680E52001CE036 /* WeaponsPerStage.app */;
			productType = "com.apple.product-type.application";
		};
		9D3A43721E680E53001CE036 /* WeaponsPerStageTests */ = {
			isa = PBXNativeTarget;
			buildConfigurationList = 9D3A437F1E680E53001CE036 /* Build configuration list for PBXNativeTarget "WeaponsPerStageTests" */;
			buildPhases = (
				F530C8D8D8AFFC65647645FB /* [CP] Check Pods Manifest.lock */,
				9D3A436F1E680E53001CE036 /* Sources */,
				9D3A43701E680E53001CE036 /* Frameworks */,
				9D3A43711E680E53001CE036 /* Resources */,
				1D6E5DE2EE97F42A519F14E5 /* [CP] Embed Pods Frameworks */,
				26D52BF2AD278E612938AD2D /* [CP] Copy Pods Resources */,
			);
			buildRules = (
			);
			dependencies = (
				9D3A43751E680E53001CE036 /* PBXTargetDependency */,
			);
			name = WeaponsPerStageTests;
			productName = WeaponsPerStageTests;
			productReference = 9D3A43731E680E53001CE036 /* WeaponsPerStageTests.xctest */;
			productType = "com.apple.product-type.bundle.unit-test";
		};
/* End PBXNativeTarget section */

/* Begin PBXProject section */
		9D3A43571E680E52001CE036 /* Project object */ = {
			isa = PBXProject;
			attributes = {
				LastSwiftUpdateCheck = 0820;
				LastUpgradeCheck = 0820;
				ORGANIZATIONNAME = "南　京兵";
				TargetAttributes = {
					9D3A435E1E680E52001CE036 = {
						CreatedOnToolsVersion = 8.2.1;
						DevelopmentTeam = 82VM9CARWC;
						ProvisioningStyle = Automatic;
					};
					9D3A43721E680E53001CE036 = {
						CreatedOnToolsVersion = 8.2.1;
						ProvisioningStyle = Automatic;
						TestTargetID = 9D3A435E1E680E52001CE036;
					};
				};
			};
			buildConfigurationList = 9D3A435A1E680E52001CE036 /* Build configuration list for PBXProject "WeaponsPerStage" */;
			compatibilityVersion = "Xcode 3.2";
			developmentRegion = English;
			hasScannedForEncodings = 0;
			knownRegions = (
				en,
				Base,
			);
			mainGroup = 9D3A43561E680E52001CE036;
			productRefGroup = 9D3A43601E680E52001CE036 /* Products */;
			projectDirPath = "";
			projectRoot = "";
			targets = (
				9D3A435E1E680E52001CE036 /* WeaponsPerStage */,
				9D3A43721E680E53001CE036 /* WeaponsPerStageTests */,
			);
		};
/* End PBXProject section */

/* Begin PBXResourcesBuildPhase section */
		9D3A435D1E680E52001CE036 /* Resources */ = {
			isa = PBXResourcesBuildPhase;
			buildActionMask = 2147483647;
			files = (
				9D3A436D1E680E53001CE036 /* LaunchScreen.storyboard in Resources */,
				6AA6038B1E863CDA0098FAC1 /* hissen-hue.png in Resources */,
				6AA603A31E863CDA0098FAC1 /* octa-shooter.png in Resources */,
				6AA6030D1E6837E80098FAC1 /* Resources.bundle in Resources */,
				6AA6038F1E863CDA0098FAC1 /* hot-blaster-custom.png in Resources */,
				6AA6039B1E863CDA0098FAC1 /* long-blaster-necro.png in Resources */,
				6AA6038A1E863CDA0098FAC1 /* hero-shooter.png in Resources */,
				6AA603881E863CDA0098FAC1 /* hero-charger.png in Resources */,
				6AA603BC1E863CDA0098FAC1 /* splat-scope-bento.png in Resources */,
				6AA6037D1E863CDA0098FAC1 /* bucket-slosher.png in Resources */,
				6AA603A11E863CDA0098FAC1 /* nova-blaster-neo.png in Resources */,
				6AA603871E863CDA0098FAC1 /* h3-reelgun.png in Resources */,
				6AA603C41E863CDA0098FAC1 /* squicklin-alpha.png in Resources */,
				9D3A436A1E680E52001CE036 /* Assets.xcassets in Resources */,
				6AA603911E863CDA0098FAC1 /* hydrant-custom.png in Resources */,
				6AA603891E863CDA0098FAC1 /* hero-roller.png in Resources */,
				6AA6039C1E863CDA0098FAC1 /* long-blaster.png in Resources */,
				6AA6036F1E863CDA0098FAC1 /* 52-gallon.png in Resources */,
				6AA603B31E863CDA0098FAC1 /* sharp-marker-neo.png in Resources */,
				6AA603A51E863CDA0098FAC1 /* pablo.png in Resources */,
				6AA603C31E863CDA0098FAC1 /* sprat-spinner.png in Resources */,
				6AA603831E863CDA0098FAC1 /* dynamo-roller-tesla.png in Resources */,
				6AA603BA1E863CDA0098FAC1 /* splat-roller-corocoro.png in Resources */,
				6AA603A61E863CDA0098FAC1 /* permanent-pablo.png in Resources */,
				6AA603811E863CDA0098FAC1 /* dual-sweeper.png in Resources */,
				6AA603981E863CDA0098FAC1 /* liter-3k-scope.png in Resources */,
				6AA603C91E879CCA0098FAC1 /* Sort.png in Resources */,
				6AA603A91E863CDA0098FAC1 /* prime-shooter.png in Resources */,
				6AA603841E863CDA0098FAC1 /* dynamo-roller.png in Resources */,
				6AA603961E863CDA0098FAC1 /* l3-reelgun.png in Resources */,
				6AA603B01E863CDA0098FAC1 /* rapid-blaster.png in Resources */,
				6AA603991E863CDA0098FAC1 /* liter-3k.png in Resources */,
				6AA603AD1E863CDA0098FAC1 /* r-blaster-elite.png in Resources */,
				6AA6037E1E863CDA0098FAC1 /* carbon-roller-deco.png in Resources */,
				6AA603A01E863CDA0098FAC1 /* n-zap-89.png in Resources */,
				6AA6039E1E863CDA0098FAC1 /* n-zap-83.png in Resources */,
				6AA603821E863CDA0098FAC1 /* dynamo-roller-burned.png in Resources */,
				6AA603771E863CDA0098FAC1 /* barrel-spinner.png in Resources */,
				6AA6036D1E863CDA0098FAC1 /* 3k-scope-custom.png in Resources */,
				6AA603B51E863CDA0098FAC1 /* splat-charger-bento.png in Resources */,
				6AA6039F1E863CDA0098FAC1 /* n-zap-85.png in Resources */,
				9D3A43681E680E52001CE036 /* Main.storyboard in Resources */,
				9D74A7511E692E2C00AC66A6 /* WaponsPerStageTableViewCell.xib in Resources */,
				6AA603C11E863CDA0098FAC1 /* sprat-spinner-collab.png in Resources */,
				6AA603971E863CDA0098FAC1 /* liter-3k-custom.png in Resources */,
				6AA603861E863CDA0098FAC1 /* h3-reelgun-d.png in Resources */,
				6AA603901E863CDA0098FAC1 /* hot-blaster.png in Resources */,
				6AA603A21E863CDA0098FAC1 /* nova-blaster.png in Resources */,
				6AA603851E863CDA0098FAC1 /* h3-reelgun-cherry.png in Resources */,
				6AA6038D1E863CDA0098FAC1 /* hokusai-hue.png in Resources */,
				6AA603931E863CDA0098FAC1 /* jet-sweeper-custom.png in Resources */,
				6AA603AF1E863CDA0098FAC1 /* rapid-blaster-deco.png in Resources */,
				6AA6037A1E863CDA0098FAC1 /* bold-marker.png in Resources */,
				6AA603B41E863CDA0098FAC1 /* sharp-marker.png in Resources */,
				6AA603BF1E863CDA0098FAC1 /* splat-wakame-scope.png in Resources */,
				6AA603A81E863CDA0098FAC1 /* prime-shooter-collab.png in Resources */,
				6AA603A71E863CDA0098FAC1 /* prime-shooter-berry.png in Resources */,
				6AA603921E863CDA0098FAC1 /* hydrant.png in Resources */,
				6AA603C21E863CDA0098FAC1 /* sprat-spinner-repair.png in Resources */,
				6AA603CF1E89EA350098FAC1 /* Capture.png in Resources */,
				6AA603951E863CDA0098FAC1 /* l3-reelgun-d.png in Resources */,
				6AA603B11E863CDA0098FAC1 /* screw-slosher-neo.png in Resources */,
				6AA603AA1E863CDA0098FAC1 /* pro-modeler-mg.png in Resources */,
				6AA603AC1E863CDA0098FAC1 /* pro-modeler-rg.png in Resources */,
				6AA603CB1E879DC90098FAC1 /* Config.png in Resources */,
				6AA603761E863CDA0098FAC1 /* barrel-spinner-remix.png in Resources */,
				6AA603AE1E863CDA0098FAC1 /* r-blaster-eliter-deco.png in Resources */,
				6AA603C51E863CDA0098FAC1 /* squicklin-beta.png in Resources */,
				6AA6037F1E863CDA0098FAC1 /* carbon-roller.png in Resources */,
				6AA603BB1E863CDA0098FAC1 /* splat-roller.png in Resources */,
				6AA603B91E863CDA0098FAC1 /* splat-roller-collab.png in Resources */,
				6AA603B71E863CDA0098FAC1 /* splat-charger-wakame.png in Resources */,
				6AA603C01E863CDA0098FAC1 /* sprat-shooter-wasabi.png in Resources */,
				6AA603CD1E879DE80098FAC1 /* Home.png in Resources */,
				6AA603AB1E863CDA0098FAC1 /* pro-modeler-pg.png in Resources */,
				6AA603731E863CDA0098FAC1 /* bamboozler-14-mk-2.png in Resources */,
				6AA603B61E863CDA0098FAC1 /* splat-charger-scope.png in Resources */,
				6AA6039A1E863CDA0098FAC1 /* long-blaster-custom.png in Resources */,
				6AA603B81E863CDA0098FAC1 /* splat-charger.png in Resources */,
				6AA6039D1E863CDA0098FAC1 /* momiji-shooter.png in Resources */,
				6AA603801E863CDA0098FAC1 /* dual-sweeper-custom.png in Resources */,
				6AA603791E863CDA0098FAC1 /* bold-marker-neo.png in Resources */,
				6AA603781E863CDA0098FAC1 /* bold-marker-7.png in Resources */,
				6AA603721E863CDA0098FAC1 /* bamboozler-14-mk-1.png in Resources */,
				6AA603C71E863CDA0098FAC1 /* wakaba-shooter.png in Resources */,
				6AA603BE1E863CDA0098FAC1 /* splat-shooter.png in Resources */,
				6AA6038C1E863CDA0098FAC1 /* hissen.png in Resources */,
				6AA603751E863CDA0098FAC1 /* barrel-spinner-deco.png in Resources */,
				6AA603C61E863CDA0098FAC1 /* squicklin-gamma.png in Resources */,
				6AA603B21E863CDA0098FAC1 /* screw-slosher.png in Resources */,
				6AA6037C1E863CDA0098FAC1 /* bucket-slosher-soda.png in Resources */,
				6AA6036E1E863CDA0098FAC1 /* 52-gallon-deco.png in Resources */,
				6AA603701E863CDA0098FAC1 /* 96-gallon-deco.png in Resources */,
				6AA603741E863CDA0098FAC1 /* bamboozler-14-mk-3.png in Resources */,
				9D74A7531E692E2C00AC66A6 /* WeaponsTableViewCell.xib in Resources */,
				6AA603BD1E863CDA0098FAC1 /* splat-shooter-collab.png in Resources */,
				6AA603711E863CDA0098FAC1 /* 96-gallon.png in Resources */,
				6AA603941E863CDA0098FAC1 /* jet-sweeper.png in Resources */,
				6AA603A41E863CDA0098FAC1 /* pablo-hue.png in Resources */,
				6AA6038E1E863CDA0098FAC1 /* hokusai.png in Resources */,
				6AA6037B1E863CDA0098FAC1 /* bucket-slosher-deco.png in Resources */,
			);
			runOnlyForDeploymentPostprocessing = 0;
		};
		9D3A43711E680E53001CE036 /* Resources */ = {
			isa = PBXResourcesBuildPhase;
			buildActionMask = 2147483647;
			files = (
			);
			runOnlyForDeploymentPostprocessing = 0;
		};
/* End PBXResourcesBuildPhase section */

/* Begin PBXShellScriptBuildPhase section */
		1D6E5DE2EE97F42A519F14E5 /* [CP] Embed Pods Frameworks */ = {
			isa = PBXShellScriptBuildPhase;
			buildActionMask = 2147483647;
			files = (
			);
			inputPaths = (
			);
			name = "[CP] Embed Pods Frameworks";
			outputPaths = (
			);
			runOnlyForDeploymentPostprocessing = 0;
			shellPath = /bin/sh;
			shellScript = "\"${SRCROOT}/Pods/Target Support Files/Pods-WeaponsPerStageTests/Pods-WeaponsPerStageTests-frameworks.sh\"\n";
			showEnvVarsInLog = 0;
		};
		26D52BF2AD278E612938AD2D /* [CP] Copy Pods Resources */ = {
			isa = PBXShellScriptBuildPhase;
			buildActionMask = 2147483647;
			files = (
			);
			inputPaths = (
			);
			name = "[CP] Copy Pods Resources";
			outputPaths = (
			);
			runOnlyForDeploymentPostprocessing = 0;
			shellPath = /bin/sh;
			shellScript = "\"${SRCROOT}/Pods/Target Support Files/Pods-WeaponsPerStageTests/Pods-WeaponsPerStageTests-resources.sh\"\n";
			showEnvVarsInLog = 0;
		};
		315FE3E509879CF27342C5EE /* [CP] Copy Pods Resources */ = {
			isa = PBXShellScriptBuildPhase;
			buildActionMask = 2147483647;
			files = (
			);
			inputPaths = (
			);
			name = "[CP] Copy Pods Resources";
			outputPaths = (
			);
			runOnlyForDeploymentPostprocessing = 0;
			shellPath = /bin/sh;
			shellScript = "\"${SRCROOT}/Pods/Target Support Files/Pods-WeaponsPerStage/Pods-WeaponsPerStage-resources.sh\"\n";
			showEnvVarsInLog = 0;
		};
		3D5D2142FF482E262878C611 /* [CP] Embed Pods Frameworks */ = {
			isa = PBXShellScriptBuildPhase;
			buildActionMask = 2147483647;
			files = (
			);
			inputPaths = (
			);
			name = "[CP] Embed Pods Frameworks";
			outputPaths = (
			);
			runOnlyForDeploymentPostprocessing = 0;
			shellPath = /bin/sh;
			shellScript = "\"${SRCROOT}/Pods/Target Support Files/Pods-WeaponsPerStage/Pods-WeaponsPerStage-frameworks.sh\"\n";
			showEnvVarsInLog = 0;
		};
		7EE83E8C1901149FA2D5EB71 /* [CP] Check Pods Manifest.lock */ = {
			isa = PBXShellScriptBuildPhase;
			buildActionMask = 2147483647;
			files = (
			);
			inputPaths = (
			);
			name = "[CP] Check Pods Manifest.lock";
			outputPaths = (
			);
			runOnlyForDeploymentPostprocessing = 0;
			shellPath = /bin/sh;
			shellScript = "diff \"${PODS_ROOT}/../Podfile.lock\" \"${PODS_ROOT}/Manifest.lock\" > /dev/null\nif [ $? != 0 ] ; then\n    # print error to STDERR\n    echo \"error: The sandbox is not in sync with the Podfile.lock. Run 'pod install' or update your CocoaPods installation.\" >&2\n    exit 1\nfi\n";
			showEnvVarsInLog = 0;
		};
		F530C8D8D8AFFC65647645FB /* [CP] Check Pods Manifest.lock */ = {
			isa = PBXShellScriptBuildPhase;
			buildActionMask = 2147483647;
			files = (
			);
			inputPaths = (
			);
			name = "[CP] Check Pods Manifest.lock";
			outputPaths = (
			);
			runOnlyForDeploymentPostprocessing = 0;
			shellPath = /bin/sh;
			shellScript = "diff \"${PODS_ROOT}/../Podfile.lock\" \"${PODS_ROOT}/Manifest.lock\" > /dev/null\nif [ $? != 0 ] ; then\n    # print error to STDERR\n    echo \"error: The sandbox is not in sync with the Podfile.lock. Run 'pod install' or update your CocoaPods installation.\" >&2\n    exit 1\nfi\n";
			showEnvVarsInLog = 0;
		};
/* End PBXShellScriptBuildPhase section */

/* Begin PBXSourcesBuildPhase section */
		9D3A435B1E680E52001CE036 /* Sources */ = {
			isa = PBXSourcesBuildPhase;
			buildActionMask = 2147483647;
			files = (
				9D74A7501E692E2C00AC66A6 /* WaponsPerStageTableViewCell.swift in Sources */,
				9D74A75E1E692E5E00AC66A6 /* WeaponsSelectionViewController.swift in Sources */,
				9D74A75D1E692E5E00AC66A6 /* HomeViewController.swift in Sources */,
				9D374BAD1E810A2A00571005 /* TabBarController.swift in Sources */,
				9DF692041E88F38A00E5A063 /* UIView+Capture.swift in Sources */,
				9D74A7651E69552500AC66A6 /* ConfigViewController.swift in Sources */,
				9D74A75A1E692E5200AC66A6 /* DataSource.swift in Sources */,
				9D1A03431E69709A00EAFAFB /* NavigationController.swift in Sources */,
				9D74A7631E6945B300AC66A6 /* WeaponsPerStageStoreManager.swift in Sources */,
				9DF692021E88F31100E5A063 /* UITableView+Capture.swift in Sources */,
				9D74A7611E6943D400AC66A6 /* WeaponsPerStageEntity.swift in Sources */,
				9D74A7521E692E2C00AC66A6 /* WeaponsTableViewCell.swift in Sources */,
				9D374BB41E811C0600571005 /* SortViewController.swift in Sources */,
				9D74A7571E692E3A00AC66A6 /* JsonManager.swift in Sources */,
				9D74A7561E692E3A00AC66A6 /* IndexManager.swift in Sources */,
				9DF7B4461E89137C00C6DE57 /* UIImage+Cropping.swift in Sources */,
				9DF691FE1E85008400E5A063 /* ContainViewController.swift in Sources */,
				9D1A033E1E6969C000EAFAFB /* ConstText.swift in Sources */,
				9D3A43631E680E52001CE036 /* AppDelegate.swift in Sources */,
				9D1A03411E696EBA00EAFAFB /* ConstColor.swift in Sources */,
				9D2E6A1C1E8CF03C005F4D7E /* DeviceSizeManager.swift in Sources */,
			);
			runOnlyForDeploymentPostprocessing = 0;
		};
		9D3A436F1E680E53001CE036 /* Sources */ = {
			isa = PBXSourcesBuildPhase;
			buildActionMask = 2147483647;
			files = (
				9D3A43781E680E53001CE036 /* WeaponsPerStageTests.swift in Sources */,
			);
			runOnlyForDeploymentPostprocessing = 0;
		};
/* End PBXSourcesBuildPhase section */

/* Begin PBXTargetDependency section */
		9D3A43751E680E53001CE036 /* PBXTargetDependency */ = {
			isa = PBXTargetDependency;
			target = 9D3A435E1E680E52001CE036 /* WeaponsPerStage */;
			targetProxy = 9D3A43741E680E53001CE036 /* PBXContainerItemProxy */;
		};
/* End PBXTargetDependency section */

/* Begin PBXVariantGroup section */
		9D3A43661E680E52001CE036 /* Main.storyboard */ = {
			isa = PBXVariantGroup;
			children = (
				9D3A43671E680E52001CE036 /* Base */,
			);
			name = Main.storyboard;
			sourceTree = "<group>";
		};
		9D3A436B1E680E53001CE036 /* LaunchScreen.storyboard */ = {
			isa = PBXVariantGroup;
			children = (
				9D3A436C1E680E53001CE036 /* Base */,
			);
			name = LaunchScreen.storyboard;
			sourceTree = "<group>";
		};
/* End PBXVariantGroup section */

/* Begin XCBuildConfiguration section */
		9D3A437A1E680E53001CE036 /* Debug */ = {
			isa = XCBuildConfiguration;
			buildSettings = {
				ALWAYS_SEARCH_USER_PATHS = NO;
				CLANG_ANALYZER_NONNULL = YES;
				CLANG_CXX_LANGUAGE_STANDARD = "gnu++0x";
				CLANG_CXX_LIBRARY = "libc++";
				CLANG_ENABLE_MODULES = YES;
				CLANG_ENABLE_OBJC_ARC = YES;
				CLANG_WARN_BOOL_CONVERSION = YES;
				CLANG_WARN_CONSTANT_CONVERSION = YES;
				CLANG_WARN_DIRECT_OBJC_ISA_USAGE = YES_ERROR;
				CLANG_WARN_DOCUMENTATION_COMMENTS = YES;
				CLANG_WARN_EMPTY_BODY = YES;
				CLANG_WARN_ENUM_CONVERSION = YES;
				CLANG_WARN_INFINITE_RECURSION = YES;
				CLANG_WARN_INT_CONVERSION = YES;
				CLANG_WARN_OBJC_ROOT_CLASS = YES_ERROR;
				CLANG_WARN_SUSPICIOUS_MOVE = YES;
				CLANG_WARN_UNREACHABLE_CODE = YES;
				CLANG_WARN__DUPLICATE_METHOD_MATCH = YES;
				"CODE_SIGN_IDENTITY[sdk=iphoneos*]" = "iPhone Developer";
				COPY_PHASE_STRIP = NO;
				DEBUG_INFORMATION_FORMAT = dwarf;
				ENABLE_STRICT_OBJC_MSGSEND = YES;
				ENABLE_TESTABILITY = YES;
				GCC_C_LANGUAGE_STANDARD = gnu99;
				GCC_DYNAMIC_NO_PIC = NO;
				GCC_NO_COMMON_BLOCKS = YES;
				GCC_OPTIMIZATION_LEVEL = 0;
				GCC_PREPROCESSOR_DEFINITIONS = (
					"DEBUG=1",
					"$(inherited)",
				);
				GCC_WARN_64_TO_32_BIT_CONVERSION = YES;
				GCC_WARN_ABOUT_RETURN_TYPE = YES_ERROR;
				GCC_WARN_UNDECLARED_SELECTOR = YES;
				GCC_WARN_UNINITIALIZED_AUTOS = YES_AGGRESSIVE;
				GCC_WARN_UNUSED_FUNCTION = YES;
				GCC_WARN_UNUSED_VARIABLE = YES;
				IPHONEOS_DEPLOYMENT_TARGET = 10.2;
				MTL_ENABLE_DEBUG_INFO = YES;
				ONLY_ACTIVE_ARCH = YES;
				SDKROOT = iphoneos;
				SWIFT_ACTIVE_COMPILATION_CONDITIONS = DEBUG;
				SWIFT_OPTIMIZATION_LEVEL = "-Onone";
				TARGETED_DEVICE_FAMILY = "1,2";
			};
			name = Debug;
		};
		9D3A437B1E680E53001CE036 /* Release */ = {
			isa = XCBuildConfiguration;
			buildSettings = {
				ALWAYS_SEARCH_USER_PATHS = NO;
				CLANG_ANALYZER_NONNULL = YES;
				CLANG_CXX_LANGUAGE_STANDARD = "gnu++0x";
				CLANG_CXX_LIBRARY = "libc++";
				CLANG_ENABLE_MODULES = YES;
				CLANG_ENABLE_OBJC_ARC = YES;
				CLANG_WARN_BOOL_CONVERSION = YES;
				CLANG_WARN_CONSTANT_CONVERSION = YES;
				CLANG_WARN_DIRECT_OBJC_ISA_USAGE = YES_ERROR;
				CLANG_WARN_DOCUMENTATION_COMMENTS = YES;
				CLANG_WARN_EMPTY_BODY = YES;
				CLANG_WARN_ENUM_CONVERSION = YES;
				CLANG_WARN_INFINITE_RECURSION = YES;
				CLANG_WARN_INT_CONVERSION = YES;
				CLANG_WARN_OBJC_ROOT_CLASS = YES_ERROR;
				CLANG_WARN_SUSPICIOUS_MOVE = YES;
				CLANG_WARN_UNREACHABLE_CODE = YES;
				CLANG_WARN__DUPLICATE_METHOD_MATCH = YES;
				"CODE_SIGN_IDENTITY[sdk=iphoneos*]" = "iPhone Developer";
				COPY_PHASE_STRIP = NO;
				DEBUG_INFORMATION_FORMAT = "dwarf-with-dsym";
				ENABLE_NS_ASSERTIONS = NO;
				ENABLE_STRICT_OBJC_MSGSEND = YES;
				GCC_C_LANGUAGE_STANDARD = gnu99;
				GCC_NO_COMMON_BLOCKS = YES;
				GCC_WARN_64_TO_32_BIT_CONVERSION = YES;
				GCC_WARN_ABOUT_RETURN_TYPE = YES_ERROR;
				GCC_WARN_UNDECLARED_SELECTOR = YES;
				GCC_WARN_UNINITIALIZED_AUTOS = YES_AGGRESSIVE;
				GCC_WARN_UNUSED_FUNCTION = YES;
				GCC_WARN_UNUSED_VARIABLE = YES;
				IPHONEOS_DEPLOYMENT_TARGET = 10.2;
				MTL_ENABLE_DEBUG_INFO = NO;
				SDKROOT = iphoneos;
				SWIFT_OPTIMIZATION_LEVEL = "-Owholemodule";
				TARGETED_DEVICE_FAMILY = "1,2";
				VALIDATE_PRODUCT = YES;
			};
			name = Release;
		};
		9D3A437D1E680E53001CE036 /* Debug */ = {
			isa = XCBuildConfiguration;
			baseConfigurationReference = 28AB7E11C77E8FE21BD084AA /* Pods-WeaponsPerStage.debug.xcconfig */;
			buildSettings = {
				ASSETCATALOG_COMPILER_APPICON_NAME = AppIcon;
				"CODE_SIGN_IDENTITY[sdk=iphoneos*]" = "iPhone Developer";
				DEVELOPMENT_TEAM = 82VM9CARWC;
				INFOPLIST_FILE = WeaponsPerStage/Info.plist;
				LD_RUNPATH_SEARCH_PATHS = "$(inherited) @executable_path/Frameworks";
				PRODUCT_BUNDLE_IDENTIFIER = com.spl.taitai;
				PRODUCT_NAME = "$(TARGET_NAME)";
				SWIFT_VERSION = 3.0;
				TARGETED_DEVICE_FAMILY = 1;
			};
			name = Debug;
		};
		9D3A437E1E680E53001CE036 /* Release */ = {
			isa = XCBuildConfiguration;
			baseConfigurationReference = 897FE971890AF0FDAD81D7B1 /* Pods-WeaponsPerStage.release.xcconfig */;
			buildSettings = {
				ASSETCATALOG_COMPILER_APPICON_NAME = AppIcon;
				"CODE_SIGN_IDENTITY[sdk=iphoneos*]" = "iPhone Developer";
				DEVELOPMENT_TEAM = 82VM9CARWC;
				INFOPLIST_FILE = WeaponsPerStage/Info.plist;
				LD_RUNPATH_SEARCH_PATHS = "$(inherited) @executable_path/Frameworks";
				PRODUCT_BUNDLE_IDENTIFIER = com.spl.taitai;
				PRODUCT_NAME = "$(TARGET_NAME)";
				SWIFT_VERSION = 3.0;
				TARGETED_DEVICE_FAMILY = 1;
			};
			name = Release;
		};
		9D3A43801E680E53001CE036 /* Debug */ = {
			isa = XCBuildConfiguration;
			baseConfigurationReference = 385A6CF511379D6343538F06 /* Pods-WeaponsPerStageTests.debug.xcconfig */;
			buildSettings = {
				ALWAYS_EMBED_SWIFT_STANDARD_LIBRARIES = YES;
				BUNDLE_LOADER = "$(TEST_HOST)";
				INFOPLIST_FILE = WeaponsPerStageTests/Info.plist;
				LD_RUNPATH_SEARCH_PATHS = "$(inherited) @executable_path/Frameworks @loader_path/Frameworks";
				PRODUCT_BUNDLE_IDENTIFIER = com.spl.WeaponsPerStageTests;
				PRODUCT_NAME = "$(TARGET_NAME)";
				SWIFT_VERSION = 3.0;
				TEST_HOST = "$(BUILT_PRODUCTS_DIR)/WeaponsPerStage.app/WeaponsPerStage";
			};
			name = Debug;
		};
		9D3A43811E680E53001CE036 /* Release */ = {
			isa = XCBuildConfiguration;
			baseConfigurationReference = FD6CE7A3601BD2049FCAA9A8 /* Pods-WeaponsPerStageTests.release.xcconfig */;
			buildSettings = {
				ALWAYS_EMBED_SWIFT_STANDARD_LIBRARIES = YES;
				BUNDLE_LOADER = "$(TEST_HOST)";
				INFOPLIST_FILE = WeaponsPerStageTests/Info.plist;
				LD_RUNPATH_SEARCH_PATHS = "$(inherited) @executable_path/Frameworks @loader_path/Frameworks";
				PRODUCT_BUNDLE_IDENTIFIER = com.spl.WeaponsPerStageTests;
				PRODUCT_NAME = "$(TARGET_NAME)";
				SWIFT_VERSION = 3.0;
				TEST_HOST = "$(BUILT_PRODUCTS_DIR)/WeaponsPerStage.app/WeaponsPerStage";
			};
			name = Release;
		};
/* End XCBuildConfiguration section */

/* Begin XCConfigurationList section */
		9D3A435A1E680E52001CE036 /* Build configuration list for PBXProject "WeaponsPerStage" */ = {
			isa = XCConfigurationList;
			buildConfigurations = (
				9D3A437A1E680E53001CE036 /* Debug */,
				9D3A437B1E680E53001CE036 /* Release */,
			);
			defaultConfigurationIsVisible = 0;
			defaultConfigurationName = Release;
		};
		9D3A437C1E680E53001CE036 /* Build configuration list for PBXNativeTarget "WeaponsPerStage" */ = {
			isa = XCConfigurationList;
			buildConfigurations = (
				9D3A437D1E680E53001CE036 /* Debug */,
				9D3A437E1E680E53001CE036 /* Release */,
			);
			defaultConfigurationIsVisible = 0;
			defaultConfigurationName = Release;
		};
		9D3A437F1E680E53001CE036 /* Build configuration list for PBXNativeTarget "WeaponsPerStageTests" */ = {
			isa = XCConfigurationList;
			buildConfigurations = (
				9D3A43801E680E53001CE036 /* Debug */,
				9D3A43811E680E53001CE036 /* Release */,
			);
			defaultConfigurationIsVisible = 0;
			defaultConfigurationName = Release;
		};
/* End XCConfigurationList section */
	};
	rootObject = 9D3A43571E680E52001CE036 /* Project object */;
}
